// !$*UTF8*$!
{
	archiveVersion = 1;
	classes = {
	};
	objectVersion = 48;
	objects = {

/* Begin PBXBuildFile section */
		3F8094FE2283CB47008114AD /* AppDelegate.swift in Sources */ = {isa = PBXBuildFile; fileRef = 3F8094FD2283CB47008114AD /* AppDelegate.swift */; };
		3F8095002283CB47008114AD /* ViewController.swift in Sources */ = {isa = PBXBuildFile; fileRef = 3F8094FF2283CB47008114AD /* ViewController.swift */; };
		3F8095032283CB47008114AD /* Main.storyboard in Resources */ = {isa = PBXBuildFile; fileRef = 3F8095012283CB47008114AD /* Main.storyboard */; };
		3F8095062283CB47008114AD /* _0190509_DownloadPics.xcdatamodeld in Sources */ = {isa = PBXBuildFile; fileRef = 3F8095042283CB47008114AD /* _0190509_DownloadPics.xcdatamodeld */; };
		3F8095082283CB4A008114AD /* Assets.xcassets in Resources */ = {isa = PBXBuildFile; fileRef = 3F8095072283CB4A008114AD /* Assets.xcassets */; };
		3F80950B2283CB4A008114AD /* LaunchScreen.storyboard in Resources */ = {isa = PBXBuildFile; fileRef = 3F8095092283CB4A008114AD /* LaunchScreen.storyboard */; };
/* End PBXBuildFile section */

/* Begin PBXFileReference section */
		3F8094FA2283CB47008114AD /* 20190509_DownloadPics.app */ = {isa = PBXFileReference; explicitFileType = wrapper.application; includeInIndex = 0; path = 20190509_DownloadPics.app; sourceTree = BUILT_PRODUCTS_DIR; };
		3F8094FD2283CB47008114AD /* AppDelegate.swift */ = {isa = PBXFileReference; lastKnownFileType = sourcecode.swift; path = AppDelegate.swift; sourceTree = "<group>"; };
		3F8094FF2283CB47008114AD /* ViewController.swift */ = {isa = PBXFileReference; lastKnownFileType = sourcecode.swift; path = ViewController.swift; sourceTree = "<group>"; };
		3F8095022283CB47008114AD /* Base */ = {isa = PBXFileReference; lastKnownFileType = file.storyboard; name = Base; path = Base.lproj/Main.storyboard; sourceTree = "<group>"; };
		3F8095052283CB47008114AD /* _0190509_DownloadPics.xcdatamodel */ = {isa = PBXFileReference; lastKnownFileType = wrapper.xcdatamodel; path = _0190509_DownloadPics.xcdatamodel; sourceTree = "<group>"; };
		3F8095072283CB4A008114AD /* Assets.xcassets */ = {isa = PBXFileReference; lastKnownFileType = folder.assetcatalog; path = Assets.xcassets; sourceTree = "<group>"; };
		3F80950A2283CB4A008114AD /* Base */ = {isa = PBXFileReference; lastKnownFileType = file.storyboard; name = Base; path = Base.lproj/LaunchScreen.storyboard; sourceTree = "<group>"; };
		3F80950C2283CB4A008114AD /* Info.plist */ = {isa = PBXFileReference; lastKnownFileType = text.plist.xml; path = Info.plist; sourceTree = "<group>"; };
/* End PBXFileReference section */

/* Begin PBXFrameworksBuildPhase section */
		3F8094F72283CB47008114AD /* Frameworks */ = {
			isa = PBXFrameworksBuildPhase;
			buildActionMask = 2147483647;
			files = (
			);
			runOnlyForDeploymentPostprocessing = 0;
		};
/* End PBXFrameworksBuildPhase section */

/* Begin PBXGroup section */
		3F8094F12283CB47008114AD = {
			isa = PBXGroup;
			children = (
				3F8094FC2283CB47008114AD /* 20190509_DownloadPics */,
				3F8094FB2283CB47008114AD /* Products */,
			);
			sourceTree = "<group>";
		};
		3F8094FB2283CB47008114AD /* Products */ = {
			isa = PBXGroup;
			children = (
				3F8094FA2283CB47008114AD /* 20190509_DownloadPics.app */,
			);
			name = Products;
			sourceTree = "<group>";
		};
		3F8094FC2283CB47008114AD /* 20190509_DownloadPics */ = {
			isa = PBXGroup;
			children = (
				3F8094FD2283CB47008114AD /* AppDelegate.swift */,
				3F8094FF2283CB47008114AD /* ViewController.swift */,
				3F8095012283CB47008114AD /* Main.storyboard */,
				3F8095072283CB4A008114AD /* Assets.xcassets */,
				3F8095092283CB4A008114AD /* LaunchScreen.storyboard */,
				3F80950C2283CB4A008114AD /* Info.plist */,
				3F8095042283CB47008114AD /* _0190509_DownloadPics.xcdatamodeld */,
			);
			path = 20190509_DownloadPics;
			sourceTree = "<group>";
		};
/* End PBXGroup section */

/* Begin PBXNativeTarget section */
		3F8094F92283CB47008114AD /* 20190509_DownloadPics */ = {
			isa = PBXNativeTarget;
			buildConfigurationList = 3F80950F2283CB4B008114AD /* Build configuration list for PBXNativeTarget "20190509_DownloadPics" */;
			buildPhases = (
				3F8094F62283CB47008114AD /* Sources */,
				3F8094F72283CB47008114AD /* Frameworks */,
				3F8094F82283CB47008114AD /* Resources */,
			);
			buildRules = (
			);
			dependencies = (
			);
			name = 20190509_DownloadPics;
			productName = 20190509_DownloadPics;
			productReference = 3F8094FA2283CB47008114AD /* 20190509_DownloadPics.app */;
			productType = "com.apple.product-type.application";
		};
/* End PBXNativeTarget section */

/* Begin PBXProject section */
		3F8094F22283CB47008114AD /* Project object */ = {
			isa = PBXProject;
			attributes = {
				LastSwiftUpdateCheck = 1010;
				LastUpgradeCheck = 1010;
				ORGANIZATIONNAME = TxWStudio;
				TargetAttributes = {
					3F8094F92283CB47008114AD = {
						CreatedOnToolsVersion = 10.1;
						ProvisioningStyle = Automatic;
					};
				};
			};
			buildConfigurationList = 3F8094F52283CB47008114AD /* Build configuration list for PBXProject "20190509_DownloadPics" */;
			compatibilityVersion = "Xcode 8.0";
			developmentRegion = en;
			hasScannedForEncodings = 0;
			knownRegions = (
				en,
				Base,
			);
			mainGroup = 3F8094F12283CB47008114AD;
			productRefGroup = 3F8094FB2283CB47008114AD /* Products */;
			projectDirPath = "";
			projectRoot = "";
			targets = (
				3F8094F92283CB47008114AD /* 20190509_DownloadPics */,
			);
		};
/* End PBXProject section */

/* Begin PBXResourcesBuildPhase section */
		3F8094F82283CB47008114AD /* Resources */ = {
			isa = PBXResourcesBuildPhase;
			buildActionMask = 2147483647;
			files = (
				3F80950B2283CB4A008114AD /* LaunchScreen.storyboard in Resources */,
				3F8095082283CB4A008114AD /* Assets.xcassets in Resources */,
				3F8095032283CB47008114AD /* Main.storyboard in Resources */,
			);
			runOnlyForDeploymentPostprocessing = 0;
		};
/* End PBXResourcesBuildPhase section */

/* Begin PBXSourcesBuildPhase section */
		3F8094F62283CB47008114AD /* Sources */ = {
			isa = PBXSourcesBuildPhase;
			buildActionMask = 2147483647;
			files = (
				3F8095062283CB47008114AD /* _0190509_DownloadPics.xcdatamodeld in Sources */,
				3F8095002283CB47008114AD /* ViewController.swift in Sources */,
				3F8094FE2283CB47008114AD /* AppDelegate.swift in Sources */,
			);
			runOnlyForDeploymentPostprocessing = 0;
		};
/* End PBXSourcesBuildPhase section */

/* Begin PBXVariantGroup section */
		3F8095012283CB47008114AD /* Main.storyboard */ = {
			isa = PBXVariantGroup;
			children = (
				3F8095022283CB47008114AD /* Base */,
			);
			name = Main.storyboard;
			sourceTree = "<group>";
		};
		3F8095092283CB4A008114AD /* LaunchScreen.storyboard */ = {
			isa = PBXVariantGroup;
			children = (
				3F80950A2283CB4A008114AD /* Base */,
			);
			name = LaunchScreen.storyboard;
			sourceTree = "<group>";
		};
/* End PBXVariantGroup section */

/* Begin XCBuildConfiguration section */
		3F80950D2283CB4A008114AD /* Debug */ = {
			isa = XCBuildConfiguration;
			buildSettings = {
				ALWAYS_SEARCH_USER_PATHS = NO;
				CLANG_ANALYZER_NONNULL = YES;
				CLANG_ANALYZER_NUMBER_OBJECT_CONVERSION = YES_AGGRESSIVE;
				CLANG_CXX_LANGUAGE_STANDARD = "gnu++14";
				CLANG_CXX_LIBRARY = "libc++";
				CLANG_ENABLE_MODULES = YES;
				CLANG_ENABLE_OBJC_ARC = YES;
				CLANG_ENABLE_OBJC_WEAK = YES;
				CLANG_WARN_BLOCK_CAPTURE_AUTORELEASING = YES;
				CLANG_WARN_BOOL_CONVERSION = YES;
				CLANG_WARN_COMMA = YES;
				CLANG_WARN_CONSTANT_CONVERSION = YES;
				CLANG_WARN_DEPRECATED_OBJC_IMPLEMENTATIONS = YES;
				CLANG_WARN_DIRECT_OBJC_ISA_USAGE = YES_ERROR;
				CLANG_WARN_DOCUMENTATION_COMMENTS = YES;
				CLANG_WARN_EMPTY_BODY = YES;
				CLANG_WARN_ENUM_CONVERSION = YES;
				CLANG_WARN_INFINITE_RECURSION = YES;
				CLANG_WARN_INT_CONVERSION = YES;
				CLANG_WARN_NON_LITERAL_NULL_CONVERSION = YES;
				CLANG_WARN_OBJC_IMPLICIT_RETAIN_SELF = YES;
				CLANG_WARN_OBJC_LITERAL_CONVERSION = YES;
				CLANG_WARN_OBJC_ROOT_CLASS = YES_ERROR;
				CLANG_WARN_RANGE_LOOP_ANALYSIS = YES;
				CLANG_WARN_STRICT_PROTOTYPES = YES;
				CLANG_WARN_SUSPICIOUS_MOVE = YES;
				CLANG_WARN_UNGUARDED_AVAILABILITY = YES_AGGRESSIVE;
				CLANG_WARN_UNREACHABLE_CODE = YES;
				CLANG_WARN__DUPLICATE_METHOD_MATCH = YES;
				CODE_SIGN_IDENTITY = "iPhone Developer";
				COPY_PHASE_STRIP = NO;
				DEBUG_INFORMATION_FORMAT = dwarf;
				ENABLE_STRICT_OBJC_MSGSEND = YES;
				ENABLE_TESTABILITY = YES;
				GCC_C_LANGUAGE_STANDARD = gnu11;
				GCC_DYNAMIC_NO_PIC = NO;
				GCC_NO_COMMON_BLOCKS = YES;
				GCC_OPTIMIZATION_LEVEL = 0;
				GCC_PREPROCESSOR_DEFINITIONS = (
					"DEBUG=1",
					"$(inherited)",
				);
				GCC_WARN_64_TO_32_BIT_CONVERSION = YES;
				GCC_WARN_ABOUT_RETURN_TYPE = YES_ERROR;
				GCC_WARN_UNDECLARED_SELECTOR = YES;
				GCC_WARN_UNINITIALIZED_AUTOS = YES_AGGRESSIVE;
				GCC_WARN_UNUSED_FUNCTION = YES;
				GCC_WARN_UNUSED_VARIABLE = YES;
				IPHONEOS_DEPLOYMENT_TARGET = 12.1;
				MTL_ENABLE_DEBUG_INFO = INCLUDE_SOURCE;
				MTL_FAST_MATH = YES;
				ONLY_ACTIVE_ARCH = YES;
				SDKROOT = iphoneos;
				SWIFT_ACTIVE_COMPILATION_CONDITIONS = DEBUG;
				SWIFT_OPTIMIZATION_LEVEL = "-Onone";
			};
			name = Debug;
		};
		3F80950E2283CB4A008114AD /* Release */ = {
			isa = XCBuildConfiguration;
			buildSettings = {
				ALWAYS_SEARCH_USER_PATHS = NO;
				CLANG_ANALYZER_NONNULL = YES;
				CLANG_ANALYZER_NUMBER_OBJECT_CONVERSION = YES_AGGRESSIVE;
				CLANG_CXX_LANGUAGE_STANDARD = "gnu++14";
				CLANG_CXX_LIBRARY = "libc++";
				CLANG_ENABLE_MODULES = YES;
				CLANG_ENABLE_OBJC_ARC = YES;
				CLANG_ENABLE_OBJC_WEAK = YES;
				CLANG_WARN_BLOCK_CAPTURE_AUTORELEASING = YES;
				CLANG_WARN_BOOL_CONVERSION = YES;
				CLANG_WARN_COMMA = YES;
				CLANG_WARN_CONSTANT_CONVERSION = YES;
				CLANG_WARN_DEPRECATED_OBJC_IMPLEMENTATIONS = YES;
				CLANG_WARN_DIRECT_OBJC_ISA_USAGE = YES_ERROR;
				CLANG_WARN_DOCUMENTATION_COMMENTS = YES;
				CLANG_WARN_EMPTY_BODY = YES;
				CLANG_WARN_ENUM_CONVERSION = YES;
				CLANG_WARN_INFINITE_RECURSION = YES;
				CLANG_WARN_INT_CONVERSION = YES;
				CLANG_WARN_NON_LITERAL_NULL_CONVERSION = YES;
				CLANG_WARN_OBJC_IMPLICIT_RETAIN_SELF = YES;
				CLANG_WARN_OBJC_LITERAL_CONVERSION = YES;
				CLANG_WARN_OBJC_ROOT_CLASS = YES_ERROR;
				CLANG_WARN_RANGE_LOOP_ANALYSIS = YES;
				CLANG_WARN_STRICT_PROTOTYPES = YES;
				CLANG_WARN_SUSPICIOUS_MOVE = YES;
				CLANG_WARN_UNGUARDED_AVAILABILITY = YES_AGGRESSIVE;
				CLANG_WARN_UNREACHABLE_CODE = YES;
				CLANG_WARN__DUPLICATE_METHOD_MATCH = YES;
				CODE_SIGN_IDENTITY = "iPhone Developer";
				COPY_PHASE_STRIP = NO;
				DEBUG_INFORMATION_FORMAT = "dwarf-with-dsym";
				ENABLE_NS_ASSERTIONS = NO;
				ENABLE_STRICT_OBJC_MSGSEND = YES;
				GCC_C_LANGUAGE_STANDARD = gnu11;
				GCC_NO_COMMON_BLOCKS = YES;
				GCC_WARN_64_TO_32_BIT_CONVERSION = YES;
				GCC_WARN_ABOUT_RETURN_TYPE = YES_ERROR;
				GCC_WARN_UNDECLARED_SELECTOR = YES;
				GCC_WARN_UNINITIALIZED_AUTOS = YES_AGGRESSIVE;
				GCC_WARN_UNUSED_FUNCTION = YES;
				GCC_WARN_UNUSED_VARIABLE = YES;
				IPHONEOS_DEPLOYMENT_TARGET = 12.1;
				MTL_ENABLE_DEBUG_INFO = NO;
				MTL_FAST_MATH = YES;
				SDKROOT = iphoneos;
				SWIFT_OPTIMIZATION_LEVEL = "-Owholemodule";
				VALIDATE_PRODUCT = YES;
			};
			name = Release;
		};
		3F8095102283CB4B008114AD /* Debug */ = {
			isa = XCBuildConfiguration;
			buildSettings = {
				ASSETCATALOG_COMPILER_APPICON_NAME = AppIcon;
				CODE_SIGN_STYLE = Automatic;
				DEVELOPMENT_TEAM = HDHY9LRPU4;
				INFOPLIST_FILE = 20190509_DownloadPics/Info.plist;
				IPHONEOS_DEPLOYMENT_TARGET = 11.2;
				LD_RUNPATH_SEARCH_PATHS = "$(inherited) @executable_path/Frameworks";
				PRODUCT_BUNDLE_IDENTIFIER = "com.wow.much.doge.-0190509-DownloadPics";
				PRODUCT_NAME = "$(TARGET_NAME)";
				SWIFT_VERSION = 4.2;
				TARGETED_DEVICE_FAMILY = "1,2";
			};
			name = Debug;
		};
		3F8095112283CB4B008114AD /* Release */ = {
			isa = XCBuildConfiguration;
			buildSettings = {
				ASSETCATALOG_COMPILER_APPICON_NAME = AppIcon;
				CODE_SIGN_STYLE = Automatic;
				DEVELOPMENT_TEAM = HDHY9LRPU4;
				INFOPLIST_FILE = 20190509_DownloadPics/Info.plist;
				IPHONEOS_DEPLOYMENT_TARGET = 11.2;
				LD_RUNPATH_SEARCH_PATHS = "$(inherited) @executable_path/Frameworks";
				PRODUCT_BUNDLE_IDENTIFIER = "com.wow.much.doge.-0190509-DownloadPics";
				PRODUCT_NAME = "$(TARGET_NAME)";
				SWIFT_VERSION = 4.2;
				TARGETED_DEVICE_FAMILY = "1,2";
			};
			name = Release;
		};
/* End XCBuildConfiguration section */

/* Begin XCConfigurationList section */
		3F8094F52283CB47008114AD /* Build configuration list for PBXProject "20190509_DownloadPics" */ = {
			isa = XCConfigurationList;
			buildConfigurations = (
				3F80950D2283CB4A008114AD /* Debug */,
				3F80950E2283CB4A008114AD /* Release */,
			);
			defaultConfigurationIsVisible = 0;
			defaultConfigurationName = Release;
		};
		3F80950F2283CB4B008114AD /* Build configuration list for PBXNativeTarget "20190509_DownloadPics" */ = {
			isa = XCConfigurationList;
			buildConfigurations = (
				3F8095102283CB4B008114AD /* Debug */,
				3F8095112283CB4B008114AD /* Release */,
			);
			defaultConfigurationIsVisible = 0;
			defaultConfigurationName = Release;
		};
/* End XCConfigurationList section */

/* Begin XCVersionGroup section */
		3F8095042283CB47008114AD /* _0190509_DownloadPics.xcdatamodeld */ = {
			isa = XCVersionGroup;
			children = (
				3F8095052283CB47008114AD /* _0190509_DownloadPics.xcdatamodel */,
			);
			currentVersion = 3F8095052283CB47008114AD /* _0190509_DownloadPics.xcdatamodel */;
			path = _0190509_DownloadPics.xcdatamodeld;
			sourceTree = "<group>";
			versionGroupType = wrapper.xcdatamodel;
		};
/* End XCVersionGroup section */
	};
	rootObject = 3F8094F22283CB47008114AD /* Project object */;
}
