// !$*UTF8*$!
{
	archiveVersion = 1;
	classes = {
	};
	objectVersion = 48;
	objects = {

/* Begin PBXBuildFile section */
		3FF490BD22684DC70013357F /* AppDelegate.swift in Sources */ = {isa = PBXBuildFile; fileRef = 3FF490BC22684DC70013357F /* AppDelegate.swift */; };
		3FF490BF22684DC70013357F /* ViewController.swift in Sources */ = {isa = PBXBuildFile; fileRef = 3FF490BE22684DC70013357F /* ViewController.swift */; };
		3FF490C222684DC70013357F /* Main.storyboard in Resources */ = {isa = PBXBuildFile; fileRef = 3FF490C022684DC70013357F /* Main.storyboard */; };
		3FF490C522684DC70013357F /* _0190418_Dice.xcdatamodeld in Sources */ = {isa = PBXBuildFile; fileRef = 3FF490C322684DC70013357F /* _0190418_Dice.xcdatamodeld */; };
		3FF490C722684DC80013357F /* Assets.xcassets in Resources */ = {isa = PBXBuildFile; fileRef = 3FF490C622684DC80013357F /* Assets.xcassets */; };
		3FF490CA22684DC80013357F /* LaunchScreen.storyboard in Resources */ = {isa = PBXBuildFile; fileRef = 3FF490C822684DC80013357F /* LaunchScreen.storyboard */; };
		3FF490D522684DC90013357F /* _0190418_DiceTests.swift in Sources */ = {isa = PBXBuildFile; fileRef = 3FF490D422684DC90013357F /* _0190418_DiceTests.swift */; };
		3FF490E022684DC90013357F /* _0190418_DiceUITests.swift in Sources */ = {isa = PBXBuildFile; fileRef = 3FF490DF22684DC90013357F /* _0190418_DiceUITests.swift */; };
		3FF4910E226862090013357F /* ViewController2.swift in Sources */ = {isa = PBXBuildFile; fileRef = 3FF4910D226862090013357F /* ViewController2.swift */; };
/* End PBXBuildFile section */

/* Begin PBXContainerItemProxy section */
		3FF490D122684DC90013357F /* PBXContainerItemProxy */ = {
			isa = PBXContainerItemProxy;
			containerPortal = 3FF490B122684DC70013357F /* Project object */;
			proxyType = 1;
			remoteGlobalIDString = 3FF490B822684DC70013357F;
			remoteInfo = 20190418_Dice;
		};
		3FF490DC22684DC90013357F /* PBXContainerItemProxy */ = {
			isa = PBXContainerItemProxy;
			containerPortal = 3FF490B122684DC70013357F /* Project object */;
			proxyType = 1;
			remoteGlobalIDString = 3FF490B822684DC70013357F;
			remoteInfo = 20190418_Dice;
		};
/* End PBXContainerItemProxy section */

/* Begin PBXFileReference section */
		3FF490B922684DC70013357F /* 20190418_Dice.app */ = {isa = PBXFileReference; explicitFileType = wrapper.application; includeInIndex = 0; path = 20190418_Dice.app; sourceTree = BUILT_PRODUCTS_DIR; };
		3FF490BC22684DC70013357F /* AppDelegate.swift */ = {isa = PBXFileReference; lastKnownFileType = sourcecode.swift; path = AppDelegate.swift; sourceTree = "<group>"; };
		3FF490BE22684DC70013357F /* ViewController.swift */ = {isa = PBXFileReference; lastKnownFileType = sourcecode.swift; path = ViewController.swift; sourceTree = "<group>"; };
		3FF490C122684DC70013357F /* Base */ = {isa = PBXFileReference; lastKnownFileType = file.storyboard; name = Base; path = Base.lproj/Main.storyboard; sourceTree = "<group>"; };
		3FF490C422684DC70013357F /* _0190418_Dice.xcdatamodel */ = {isa = PBXFileReference; lastKnownFileType = wrapper.xcdatamodel; path = _0190418_Dice.xcdatamodel; sourceTree = "<group>"; };
		3FF490C622684DC80013357F /* Assets.xcassets */ = {isa = PBXFileReference; lastKnownFileType = folder.assetcatalog; path = Assets.xcassets; sourceTree = "<group>"; };
		3FF490C922684DC80013357F /* Base */ = {isa = PBXFileReference; lastKnownFileType = file.storyboard; name = Base; path = Base.lproj/LaunchScreen.storyboard; sourceTree = "<group>"; };
		3FF490CB22684DC80013357F /* Info.plist */ = {isa = PBXFileReference; lastKnownFileType = text.plist.xml; path = Info.plist; sourceTree = "<group>"; };
		3FF490D022684DC90013357F /* 20190418_DiceTests.xctest */ = {isa = PBXFileReference; explicitFileType = wrapper.cfbundle; includeInIndex = 0; path = 20190418_DiceTests.xctest; sourceTree = BUILT_PRODUCTS_DIR; };
		3FF490D422684DC90013357F /* _0190418_DiceTests.swift */ = {isa = PBXFileReference; lastKnownFileType = sourcecode.swift; path = _0190418_DiceTests.swift; sourceTree = "<group>"; };
		3FF490D622684DC90013357F /* Info.plist */ = {isa = PBXFileReference; lastKnownFileType = text.plist.xml; path = Info.plist; sourceTree = "<group>"; };
		3FF490DB22684DC90013357F /* 20190418_DiceUITests.xctest */ = {isa = PBXFileReference; explicitFileType = wrapper.cfbundle; includeInIndex = 0; path = 20190418_DiceUITests.xctest; sourceTree = BUILT_PRODUCTS_DIR; };
		3FF490DF22684DC90013357F /* _0190418_DiceUITests.swift */ = {isa = PBXFileReference; lastKnownFileType = sourcecode.swift; path = _0190418_DiceUITests.swift; sourceTree = "<group>"; };
		3FF490E122684DC90013357F /* Info.plist */ = {isa = PBXFileReference; lastKnownFileType = text.plist.xml; path = Info.plist; sourceTree = "<group>"; };
		3FF4910D226862090013357F /* ViewController2.swift */ = {isa = PBXFileReference; lastKnownFileType = sourcecode.swift; path = ViewController2.swift; sourceTree = "<group>"; };
/* End PBXFileReference section */

/* Begin PBXFrameworksBuildPhase section */
		3FF490B622684DC70013357F /* Frameworks */ = {
			isa = PBXFrameworksBuildPhase;
			buildActionMask = 2147483647;
			files = (
			);
			runOnlyForDeploymentPostprocessing = 0;
		};
		3FF490CD22684DC90013357F /* Frameworks */ = {
			isa = PBXFrameworksBuildPhase;
			buildActionMask = 2147483647;
			files = (
			);
			runOnlyForDeploymentPostprocessing = 0;
		};
		3FF490D822684DC90013357F /* Frameworks */ = {
			isa = PBXFrameworksBuildPhase;
			buildActionMask = 2147483647;
			files = (
			);
			runOnlyForDeploymentPostprocessing = 0;
		};
/* End PBXFrameworksBuildPhase section */

/* Begin PBXGroup section */
		3FF490B022684DC70013357F = {
			isa = PBXGroup;
			children = (
				3FF490BB22684DC70013357F /* 20190418_Dice */,
				3FF490D322684DC90013357F /* 20190418_DiceTests */,
				3FF490DE22684DC90013357F /* 20190418_DiceUITests */,
				3FF490BA22684DC70013357F /* Products */,
			);
			sourceTree = "<group>";
		};
		3FF490BA22684DC70013357F /* Products */ = {
			isa = PBXGroup;
			children = (
				3FF490B922684DC70013357F /* 20190418_Dice.app */,
				3FF490D022684DC90013357F /* 20190418_DiceTests.xctest */,
				3FF490DB22684DC90013357F /* 20190418_DiceUITests.xctest */,
			);
			name = Products;
			sourceTree = "<group>";
		};
		3FF490BB22684DC70013357F /* 20190418_Dice */ = {
			isa = PBXGroup;
			children = (
				3FF490BC22684DC70013357F /* AppDelegate.swift */,
				3FF490BE22684DC70013357F /* ViewController.swift */,
				3FF4910D226862090013357F /* ViewController2.swift */,
				3FF490C022684DC70013357F /* Main.storyboard */,
				3FF490C622684DC80013357F /* Assets.xcassets */,
				3FF490C822684DC80013357F /* LaunchScreen.storyboard */,
				3FF490CB22684DC80013357F /* Info.plist */,
				3FF490C322684DC70013357F /* _0190418_Dice.xcdatamodeld */,
			);
			path = 20190418_Dice;
			sourceTree = "<group>";
		};
		3FF490D322684DC90013357F /* 20190418_DiceTests */ = {
			isa = PBXGroup;
			children = (
				3FF490D422684DC90013357F /* _0190418_DiceTests.swift */,
				3FF490D622684DC90013357F /* Info.plist */,
			);
			path = 20190418_DiceTests;
			sourceTree = "<group>";
		};
		3FF490DE22684DC90013357F /* 20190418_DiceUITests */ = {
			isa = PBXGroup;
			children = (
				3FF490DF22684DC90013357F /* _0190418_DiceUITests.swift */,
				3FF490E122684DC90013357F /* Info.plist */,
			);
			path = 20190418_DiceUITests;
			sourceTree = "<group>";
		};
/* End PBXGroup section */

/* Begin PBXNativeTarget section */
		3FF490B822684DC70013357F /* 20190418_Dice */ = {
			isa = PBXNativeTarget;
			buildConfigurationList = 3FF490E422684DC90013357F /* Build configuration list for PBXNativeTarget "20190418_Dice" */;
			buildPhases = (
				3FF490B522684DC70013357F /* Sources */,
				3FF490B622684DC70013357F /* Frameworks */,
				3FF490B722684DC70013357F /* Resources */,
			);
			buildRules = (
			);
			dependencies = (
			);
			name = 20190418_Dice;
			productName = 20190418_Dice;
			productReference = 3FF490B922684DC70013357F /* 20190418_Dice.app */;
			productType = "com.apple.product-type.application";
		};
		3FF490CF22684DC90013357F /* 20190418_DiceTests */ = {
			isa = PBXNativeTarget;
			buildConfigurationList = 3FF490E722684DC90013357F /* Build configuration list for PBXNativeTarget "20190418_DiceTests" */;
			buildPhases = (
				3FF490CC22684DC90013357F /* Sources */,
				3FF490CD22684DC90013357F /* Frameworks */,
				3FF490CE22684DC90013357F /* Resources */,
			);
			buildRules = (
			);
			dependencies = (
				3FF490D222684DC90013357F /* PBXTargetDependency */,
			);
			name = 20190418_DiceTests;
			productName = 20190418_DiceTests;
			productReference = 3FF490D022684DC90013357F /* 20190418_DiceTests.xctest */;
			productType = "com.apple.product-type.bundle.unit-test";
		};
		3FF490DA22684DC90013357F /* 20190418_DiceUITests */ = {
			isa = PBXNativeTarget;
			buildConfigurationList = 3FF490EA22684DC90013357F /* Build configuration list for PBXNativeTarget "20190418_DiceUITests" */;
			buildPhases = (
				3FF490D722684DC90013357F /* Sources */,
				3FF490D822684DC90013357F /* Frameworks */,
				3FF490D922684DC90013357F /* Resources */,
			);
			buildRules = (
			);
			dependencies = (
				3FF490DD22684DC90013357F /* PBXTargetDependency */,
			);
			name = 20190418_DiceUITests;
			productName = 20190418_DiceUITests;
			productReference = 3FF490DB22684DC90013357F /* 20190418_DiceUITests.xctest */;
			productType = "com.apple.product-type.bundle.ui-testing";
		};
/* End PBXNativeTarget section */

/* Begin PBXProject section */
		3FF490B122684DC70013357F /* Project object */ = {
			isa = PBXProject;
			attributes = {
				LastSwiftUpdateCheck = 1010;
				LastUpgradeCheck = 1010;
				ORGANIZATIONNAME = TxWStudio;
				TargetAttributes = {
					3FF490B822684DC70013357F = {
						CreatedOnToolsVersion = 10.1;
						ProvisioningStyle = Automatic;
					};
					3FF490CF22684DC90013357F = {
						CreatedOnToolsVersion = 10.1;
						ProvisioningStyle = Automatic;
						TestTargetID = 3FF490B822684DC70013357F;
					};
					3FF490DA22684DC90013357F = {
						CreatedOnToolsVersion = 10.1;
						ProvisioningStyle = Automatic;
						TestTargetID = 3FF490B822684DC70013357F;
					};
				};
			};
			buildConfigurationList = 3FF490B422684DC70013357F /* Build configuration list for PBXProject "20190418_Dice" */;
			compatibilityVersion = "Xcode 8.0";
			developmentRegion = en;
			hasScannedForEncodings = 0;
			knownRegions = (
				en,
				Base,
			);
			mainGroup = 3FF490B022684DC70013357F;
			productRefGroup = 3FF490BA22684DC70013357F /* Products */;
			projectDirPath = "";
			projectRoot = "";
			targets = (
				3FF490B822684DC70013357F /* 20190418_Dice */,
				3FF490CF22684DC90013357F /* 20190418_DiceTests */,
				3FF490DA22684DC90013357F /* 20190418_DiceUITests */,
			);
		};
/* End PBXProject section */

/* Begin PBXResourcesBuildPhase section */
		3FF490B722684DC70013357F /* Resources */ = {
			isa = PBXResourcesBuildPhase;
			buildActionMask = 2147483647;
			files = (
				3FF490CA22684DC80013357F /* LaunchScreen.storyboard in Resources */,
				3FF490C722684DC80013357F /* Assets.xcassets in Resources */,
				3FF490C222684DC70013357F /* Main.storyboard in Resources */,
			);
			runOnlyForDeploymentPostprocessing = 0;
		};
		3FF490CE22684DC90013357F /* Resources */ = {
			isa = PBXResourcesBuildPhase;
			buildActionMask = 2147483647;
			files = (
			);
			runOnlyForDeploymentPostprocessing = 0;
		};
		3FF490D922684DC90013357F /* Resources */ = {
			isa = PBXResourcesBuildPhase;
			buildActionMask = 2147483647;
			files = (
			);
			runOnlyForDeploymentPostprocessing = 0;
		};
/* End PBXResourcesBuildPhase section */

/* Begin PBXSourcesBuildPhase section */
		3FF490B522684DC70013357F /* Sources */ = {
			isa = PBXSourcesBuildPhase;
			buildActionMask = 2147483647;
			files = (
				3FF490BF22684DC70013357F /* ViewController.swift in Sources */,
				3FF4910E226862090013357F /* ViewController2.swift in Sources */,
				3FF490C522684DC70013357F /* _0190418_Dice.xcdatamodeld in Sources */,
				3FF490BD22684DC70013357F /* AppDelegate.swift in Sources */,
			);
			runOnlyForDeploymentPostprocessing = 0;
		};
		3FF490CC22684DC90013357F /* Sources */ = {
			isa = PBXSourcesBuildPhase;
			buildActionMask = 2147483647;
			files = (
				3FF490D522684DC90013357F /* _0190418_DiceTests.swift in Sources */,
			);
			runOnlyForDeploymentPostprocessing = 0;
		};
		3FF490D722684DC90013357F /* Sources */ = {
			isa = PBXSourcesBuildPhase;
			buildActionMask = 2147483647;
			files = (
				3FF490E022684DC90013357F /* _0190418_DiceUITests.swift in Sources */,
			);
			runOnlyForDeploymentPostprocessing = 0;
		};
/* End PBXSourcesBuildPhase section */

/* Begin PBXTargetDependency section */
		3FF490D222684DC90013357F /* PBXTargetDependency */ = {
			isa = PBXTargetDependency;
			target = 3FF490B822684DC70013357F /* 20190418_Dice */;
			targetProxy = 3FF490D122684DC90013357F /* PBXContainerItemProxy */;
		};
		3FF490DD22684DC90013357F /* PBXTargetDependency */ = {
			isa = PBXTargetDependency;
			target = 3FF490B822684DC70013357F /* 20190418_Dice */;
			targetProxy = 3FF490DC22684DC90013357F /* PBXContainerItemProxy */;
		};
/* End PBXTargetDependency section */

/* Begin PBXVariantGroup section */
		3FF490C022684DC70013357F /* Main.storyboard */ = {
			isa = PBXVariantGroup;
			children = (
				3FF490C122684DC70013357F /* Base */,
			);
			name = Main.storyboard;
			sourceTree = "<group>";
		};
		3FF490C822684DC80013357F /* LaunchScreen.storyboard */ = {
			isa = PBXVariantGroup;
			children = (
				3FF490C922684DC80013357F /* Base */,
			);
			name = LaunchScreen.storyboard;
			sourceTree = "<group>";
		};
/* End PBXVariantGroup section */

/* Begin XCBuildConfiguration section */
		3FF490E222684DC90013357F /* Debug */ = {
			isa = XCBuildConfiguration;
			buildSettings = {
				ALWAYS_SEARCH_USER_PATHS = NO;
				CLANG_ANALYZER_NONNULL = YES;
				CLANG_ANALYZER_NUMBER_OBJECT_CONVERSION = YES_AGGRESSIVE;
				CLANG_CXX_LANGUAGE_STANDARD = "gnu++14";
				CLANG_CXX_LIBRARY = "libc++";
				CLANG_ENABLE_MODULES = YES;
				CLANG_ENABLE_OBJC_ARC = YES;
				CLANG_ENABLE_OBJC_WEAK = YES;
				CLANG_WARN_BLOCK_CAPTURE_AUTORELEASING = YES;
				CLANG_WARN_BOOL_CONVERSION = YES;
				CLANG_WARN_COMMA = YES;
				CLANG_WARN_CONSTANT_CONVERSION = YES;
				CLANG_WARN_DEPRECATED_OBJC_IMPLEMENTATIONS = YES;
				CLANG_WARN_DIRECT_OBJC_ISA_USAGE = YES_ERROR;
				CLANG_WARN_DOCUMENTATION_COMMENTS = YES;
				CLANG_WARN_EMPTY_BODY = YES;
				CLANG_WARN_ENUM_CONVERSION = YES;
				CLANG_WARN_INFINITE_RECURSION = YES;
				CLANG_WARN_INT_CONVERSION = YES;
				CLANG_WARN_NON_LITERAL_NULL_CONVERSION = YES;
				CLANG_WARN_OBJC_IMPLICIT_RETAIN_SELF = YES;
				CLANG_WARN_OBJC_LITERAL_CONVERSION = YES;
				CLANG_WARN_OBJC_ROOT_CLASS = YES_ERROR;
				CLANG_WARN_RANGE_LOOP_ANALYSIS = YES;
				CLANG_WARN_STRICT_PROTOTYPES = YES;
				CLANG_WARN_SUSPICIOUS_MOVE = YES;
				CLANG_WARN_UNGUARDED_AVAILABILITY = YES_AGGRESSIVE;
				CLANG_WARN_UNREACHABLE_CODE = YES;
				CLANG_WARN__DUPLICATE_METHOD_MATCH = YES;
				CODE_SIGN_IDENTITY = "iPhone Developer";
				COPY_PHASE_STRIP = NO;
				DEBUG_INFORMATION_FORMAT = dwarf;
				ENABLE_STRICT_OBJC_MSGSEND = YES;
				ENABLE_TESTABILITY = YES;
				GCC_C_LANGUAGE_STANDARD = gnu11;
				GCC_DYNAMIC_NO_PIC = NO;
				GCC_NO_COMMON_BLOCKS = YES;
				GCC_OPTIMIZATION_LEVEL = 0;
				GCC_PREPROCESSOR_DEFINITIONS = (
					"DEBUG=1",
					"$(inherited)",
				);
				GCC_WARN_64_TO_32_BIT_CONVERSION = YES;
				GCC_WARN_ABOUT_RETURN_TYPE = YES_ERROR;
				GCC_WARN_UNDECLARED_SELECTOR = YES;
				GCC_WARN_UNINITIALIZED_AUTOS = YES_AGGRESSIVE;
				GCC_WARN_UNUSED_FUNCTION = YES;
				GCC_WARN_UNUSED_VARIABLE = YES;
				IPHONEOS_DEPLOYMENT_TARGET = 12.1;
				MTL_ENABLE_DEBUG_INFO = INCLUDE_SOURCE;
				MTL_FAST_MATH = YES;
				ONLY_ACTIVE_ARCH = YES;
				SDKROOT = iphoneos;
				SWIFT_ACTIVE_COMPILATION_CONDITIONS = DEBUG;
				SWIFT_OPTIMIZATION_LEVEL = "-Onone";
			};
			name = Debug;
		};
		3FF490E322684DC90013357F /* Release */ = {
			isa = XCBuildConfiguration;
			buildSettings = {
				ALWAYS_SEARCH_USER_PATHS = NO;
				CLANG_ANALYZER_NONNULL = YES;
				CLANG_ANALYZER_NUMBER_OBJECT_CONVERSION = YES_AGGRESSIVE;
				CLANG_CXX_LANGUAGE_STANDARD = "gnu++14";
				CLANG_CXX_LIBRARY = "libc++";
				CLANG_ENABLE_MODULES = YES;
				CLANG_ENABLE_OBJC_ARC = YES;
				CLANG_ENABLE_OBJC_WEAK = YES;
				CLANG_WARN_BLOCK_CAPTURE_AUTORELEASING = YES;
				CLANG_WARN_BOOL_CONVERSION = YES;
				CLANG_WARN_COMMA = YES;
				CLANG_WARN_CONSTANT_CONVERSION = YES;
				CLANG_WARN_DEPRECATED_OBJC_IMPLEMENTATIONS = YES;
				CLANG_WARN_DIRECT_OBJC_ISA_USAGE = YES_ERROR;
				CLANG_WARN_DOCUMENTATION_COMMENTS = YES;
				CLANG_WARN_EMPTY_BODY = YES;
				CLANG_WARN_ENUM_CONVERSION = YES;
				CLANG_WARN_INFINITE_RECURSION = YES;
				CLANG_WARN_INT_CONVERSION = YES;
				CLANG_WARN_NON_LITERAL_NULL_CONVERSION = YES;
				CLANG_WARN_OBJC_IMPLICIT_RETAIN_SELF = YES;
				CLANG_WARN_OBJC_LITERAL_CONVERSION = YES;
				CLANG_WARN_OBJC_ROOT_CLASS = YES_ERROR;
				CLANG_WARN_RANGE_LOOP_ANALYSIS = YES;
				CLANG_WARN_STRICT_PROTOTYPES = YES;
				CLANG_WARN_SUSPICIOUS_MOVE = YES;
				CLANG_WARN_UNGUARDED_AVAILABILITY = YES_AGGRESSIVE;
				CLANG_WARN_UNREACHABLE_CODE = YES;
				CLANG_WARN__DUPLICATE_METHOD_MATCH = YES;
				CODE_SIGN_IDENTITY = "iPhone Developer";
				COPY_PHASE_STRIP = NO;
				DEBUG_INFORMATION_FORMAT = "dwarf-with-dsym";
				ENABLE_NS_ASSERTIONS = NO;
				ENABLE_STRICT_OBJC_MSGSEND = YES;
				GCC_C_LANGUAGE_STANDARD = gnu11;
				GCC_NO_COMMON_BLOCKS = YES;
				GCC_WARN_64_TO_32_BIT_CONVERSION = YES;
				GCC_WARN_ABOUT_RETURN_TYPE = YES_ERROR;
				GCC_WARN_UNDECLARED_SELECTOR = YES;
				GCC_WARN_UNINITIALIZED_AUTOS = YES_AGGRESSIVE;
				GCC_WARN_UNUSED_FUNCTION = YES;
				GCC_WARN_UNUSED_VARIABLE = YES;
				IPHONEOS_DEPLOYMENT_TARGET = 12.1;
				MTL_ENABLE_DEBUG_INFO = NO;
				MTL_FAST_MATH = YES;
				SDKROOT = iphoneos;
				SWIFT_OPTIMIZATION_LEVEL = "-Owholemodule";
				VALIDATE_PRODUCT = YES;
			};
			name = Release;
		};
		3FF490E522684DC90013357F /* Debug */ = {
			isa = XCBuildConfiguration;
			buildSettings = {
				ASSETCATALOG_COMPILER_APPICON_NAME = AppIcon;
				CODE_SIGN_STYLE = Automatic;
				DEVELOPMENT_TEAM = HDHY9LRPU4;
				INFOPLIST_FILE = 20190418_Dice/Info.plist;
				IPHONEOS_DEPLOYMENT_TARGET = 11.2;
				LD_RUNPATH_SEARCH_PATHS = "$(inherited) @executable_path/Frameworks";
				PRODUCT_BUNDLE_IDENTIFIER = "com.txwstudio.trevorwu.-0190418-Dice";
				PRODUCT_NAME = "$(TARGET_NAME)";
				SWIFT_VERSION = 4.2;
				TARGETED_DEVICE_FAMILY = "1,2";
			};
			name = Debug;
		};
		3FF490E622684DC90013357F /* Release */ = {
			isa = XCBuildConfiguration;
			buildSettings = {
				ASSETCATALOG_COMPILER_APPICON_NAME = AppIcon;
				CODE_SIGN_STYLE = Automatic;
				DEVELOPMENT_TEAM = HDHY9LRPU4;
				INFOPLIST_FILE = 20190418_Dice/Info.plist;
				IPHONEOS_DEPLOYMENT_TARGET = 11.2;
				LD_RUNPATH_SEARCH_PATHS = "$(inherited) @executable_path/Frameworks";
				PRODUCT_BUNDLE_IDENTIFIER = "com.txwstudio.trevorwu.-0190418-Dice";
				PRODUCT_NAME = "$(TARGET_NAME)";
				SWIFT_VERSION = 4.2;
				TARGETED_DEVICE_FAMILY = "1,2";
			};
			name = Release;
		};
		3FF490E822684DC90013357F /* Debug */ = {
			isa = XCBuildConfiguration;
			buildSettings = {
				ALWAYS_EMBED_SWIFT_STANDARD_LIBRARIES = YES;
				BUNDLE_LOADER = "$(TEST_HOST)";
				CODE_SIGN_STYLE = Automatic;
				DEVELOPMENT_TEAM = HDHY9LRPU4;
				INFOPLIST_FILE = 20190418_DiceTests/Info.plist;
				LD_RUNPATH_SEARCH_PATHS = "$(inherited) @executable_path/Frameworks @loader_path/Frameworks";
				PRODUCT_BUNDLE_IDENTIFIER = "com.txwstudio.trevorwu.-0190418-DiceTests";
				PRODUCT_NAME = "$(TARGET_NAME)";
				SWIFT_VERSION = 4.2;
				TARGETED_DEVICE_FAMILY = "1,2";
				TEST_HOST = "$(BUILT_PRODUCTS_DIR)/20190418_Dice.app/20190418_Dice";
			};
			name = Debug;
		};
		3FF490E922684DC90013357F /* Release */ = {
			isa = XCBuildConfiguration;
			buildSettings = {
				ALWAYS_EMBED_SWIFT_STANDARD_LIBRARIES = YES;
				BUNDLE_LOADER = "$(TEST_HOST)";
				CODE_SIGN_STYLE = Automatic;
				DEVELOPMENT_TEAM = HDHY9LRPU4;
				INFOPLIST_FILE = 20190418_DiceTests/Info.plist;
				LD_RUNPATH_SEARCH_PATHS = "$(inherited) @executable_path/Frameworks @loader_path/Frameworks";
				PRODUCT_BUNDLE_IDENTIFIER = "com.txwstudio.trevorwu.-0190418-DiceTests";
				PRODUCT_NAME = "$(TARGET_NAME)";
				SWIFT_VERSION = 4.2;
				TARGETED_DEVICE_FAMILY = "1,2";
				TEST_HOST = "$(BUILT_PRODUCTS_DIR)/20190418_Dice.app/20190418_Dice";
			};
			name = Release;
		};
		3FF490EB22684DC90013357F /* Debug */ = {
			isa = XCBuildConfiguration;
			buildSettings = {
				ALWAYS_EMBED_SWIFT_STANDARD_LIBRARIES = YES;
				CODE_SIGN_STYLE = Automatic;
				DEVELOPMENT_TEAM = HDHY9LRPU4;
				INFOPLIST_FILE = 20190418_DiceUITests/Info.plist;
				LD_RUNPATH_SEARCH_PATHS = "$(inherited) @executable_path/Frameworks @loader_path/Frameworks";
				PRODUCT_BUNDLE_IDENTIFIER = "com.txwstudio.trevorwu.-0190418-DiceUITests";
				PRODUCT_NAME = "$(TARGET_NAME)";
				SWIFT_VERSION = 4.2;
				TARGETED_DEVICE_FAMILY = "1,2";
				TEST_TARGET_NAME = 20190418_Dice;
			};
			name = Debug;
		};
		3FF490EC22684DC90013357F /* Release */ = {
			isa = XCBuildConfiguration;
			buildSettings = {
				ALWAYS_EMBED_SWIFT_STANDARD_LIBRARIES = YES;
				CODE_SIGN_STYLE = Automatic;
				DEVELOPMENT_TEAM = HDHY9LRPU4;
				INFOPLIST_FILE = 20190418_DiceUITests/Info.plist;
				LD_RUNPATH_SEARCH_PATHS = "$(inherited) @executable_path/Frameworks @loader_path/Frameworks";
				PRODUCT_BUNDLE_IDENTIFIER = "com.txwstudio.trevorwu.-0190418-DiceUITests";
				PRODUCT_NAME = "$(TARGET_NAME)";
				SWIFT_VERSION = 4.2;
				TARGETED_DEVICE_FAMILY = "1,2";
				TEST_TARGET_NAME = 20190418_Dice;
			};
			name = Release;
		};
/* End XCBuildConfiguration section */

/* Begin XCConfigurationList section */
		3FF490B422684DC70013357F /* Build configuration list for PBXProject "20190418_Dice" */ = {
			isa = XCConfigurationList;
			buildConfigurations = (
				3FF490E222684DC90013357F /* Debug */,
				3FF490E322684DC90013357F /* Release */,
			);
			defaultConfigurationIsVisible = 0;
			defaultConfigurationName = Release;
		};
		3FF490E422684DC90013357F /* Build configuration list for PBXNativeTarget "20190418_Dice" */ = {
			isa = XCConfigurationList;
			buildConfigurations = (
				3FF490E522684DC90013357F /* Debug */,
				3FF490E622684DC90013357F /* Release */,
			);
			defaultConfigurationIsVisible = 0;
			defaultConfigurationName = Release;
		};
		3FF490E722684DC90013357F /* Build configuration list for PBXNativeTarget "20190418_DiceTests" */ = {
			isa = XCConfigurationList;
			buildConfigurations = (
				3FF490E822684DC90013357F /* Debug */,
				3FF490E922684DC90013357F /* Release */,
			);
			defaultConfigurationIsVisible = 0;
			defaultConfigurationName = Release;
		};
		3FF490EA22684DC90013357F /* Build configuration list for PBXNativeTarget "20190418_DiceUITests" */ = {
			isa = XCConfigurationList;
			buildConfigurations = (
				3FF490EB22684DC90013357F /* Debug */,
				3FF490EC22684DC90013357F /* Release */,
			);
			defaultConfigurationIsVisible = 0;
			defaultConfigurationName = Release;
		};
/* End XCConfigurationList section */

/* Begin XCVersionGroup section */
		3FF490C322684DC70013357F /* _0190418_Dice.xcdatamodeld */ = {
			isa = XCVersionGroup;
			children = (
				3FF490C422684DC70013357F /* _0190418_Dice.xcdatamodel */,
			);
			currentVersion = 3FF490C422684DC70013357F /* _0190418_Dice.xcdatamodel */;
			path = _0190418_Dice.xcdatamodeld;
			sourceTree = "<group>";
			versionGroupType = wrapper.xcdatamodel;
		};
/* End XCVersionGroup section */
	};
	rootObject = 3FF490B122684DC70013357F /* Project object */;
}
