// !$*UTF8*$!
{
	archiveVersion = 1;
	classes = {
	};
	objectVersion = 50;
	objects = {

/* Begin PBXBuildFile section */
		3FB75C622230F7CD009F085B /* AppDelegate.swift in Sources */ = {isa = PBXBuildFile; fileRef = 3FB75C612230F7CD009F085B /* AppDelegate.swift */; };
		3FB75C642230F7CD009F085B /* ViewController.swift in Sources */ = {isa = PBXBuildFile; fileRef = 3FB75C632230F7CD009F085B /* ViewController.swift */; };
		3FB75C672230F7CD009F085B /* Main.storyboard in Resources */ = {isa = PBXBuildFile; fileRef = 3FB75C652230F7CD009F085B /* Main.storyboard */; };
		3FB75C6A2230F7CD009F085B /* HelloWorld_20190307.xcdatamodeld in Sources */ = {isa = PBXBuildFile; fileRef = 3FB75C682230F7CD009F085B /* HelloWorld_20190307.xcdatamodeld */; };
		3FB75C6C2230F7D0009F085B /* Assets.xcassets in Resources */ = {isa = PBXBuildFile; fileRef = 3FB75C6B2230F7D0009F085B /* Assets.xcassets */; };
		3FB75C6F2230F7D0009F085B /* LaunchScreen.storyboard in Resources */ = {isa = PBXBuildFile; fileRef = 3FB75C6D2230F7D0009F085B /* LaunchScreen.storyboard */; };
		3FB75C7A2230F7D0009F085B /* HelloWorld_20190307Tests.swift in Sources */ = {isa = PBXBuildFile; fileRef = 3FB75C792230F7D0009F085B /* HelloWorld_20190307Tests.swift */; };
		3FB75C852230F7D0009F085B /* HelloWorld_20190307UITests.swift in Sources */ = {isa = PBXBuildFile; fileRef = 3FB75C842230F7D0009F085B /* HelloWorld_20190307UITests.swift */; };
		3FB75C932231033C009F085B /* View2ViewController.swift in Sources */ = {isa = PBXBuildFile; fileRef = 3FB75C922231033C009F085B /* View2ViewController.swift */; };
/* End PBXBuildFile section */

/* Begin PBXContainerItemProxy section */
		3FB75C762230F7D0009F085B /* PBXContainerItemProxy */ = {
			isa = PBXContainerItemProxy;
			containerPortal = 3FB75C562230F7CD009F085B /* Project object */;
			proxyType = 1;
			remoteGlobalIDString = 3FB75C5D2230F7CD009F085B;
			remoteInfo = HelloWorld_20190307;
		};
		3FB75C812230F7D0009F085B /* PBXContainerItemProxy */ = {
			isa = PBXContainerItemProxy;
			containerPortal = 3FB75C562230F7CD009F085B /* Project object */;
			proxyType = 1;
			remoteGlobalIDString = 3FB75C5D2230F7CD009F085B;
			remoteInfo = HelloWorld_20190307;
		};
/* End PBXContainerItemProxy section */

/* Begin PBXFileReference section */
		3FB75C5E2230F7CD009F085B /* HelloWorld_20190307.app */ = {isa = PBXFileReference; explicitFileType = wrapper.application; includeInIndex = 0; path = HelloWorld_20190307.app; sourceTree = BUILT_PRODUCTS_DIR; };
		3FB75C612230F7CD009F085B /* AppDelegate.swift */ = {isa = PBXFileReference; lastKnownFileType = sourcecode.swift; path = AppDelegate.swift; sourceTree = "<group>"; };
		3FB75C632230F7CD009F085B /* ViewController.swift */ = {isa = PBXFileReference; lastKnownFileType = sourcecode.swift; path = ViewController.swift; sourceTree = "<group>"; };
		3FB75C662230F7CD009F085B /* Base */ = {isa = PBXFileReference; lastKnownFileType = file.storyboard; name = Base; path = Base.lproj/Main.storyboard; sourceTree = "<group>"; };
		3FB75C692230F7CD009F085B /* HelloWorld_20190307.xcdatamodel */ = {isa = PBXFileReference; lastKnownFileType = wrapper.xcdatamodel; path = HelloWorld_20190307.xcdatamodel; sourceTree = "<group>"; };
		3FB75C6B2230F7D0009F085B /* Assets.xcassets */ = {isa = PBXFileReference; lastKnownFileType = folder.assetcatalog; path = Assets.xcassets; sourceTree = "<group>"; };
		3FB75C6E2230F7D0009F085B /* Base */ = {isa = PBXFileReference; lastKnownFileType = file.storyboard; name = Base; path = Base.lproj/LaunchScreen.storyboard; sourceTree = "<group>"; };
		3FB75C702230F7D0009F085B /* Info.plist */ = {isa = PBXFileReference; lastKnownFileType = text.plist.xml; path = Info.plist; sourceTree = "<group>"; };
		3FB75C752230F7D0009F085B /* HelloWorld_20190307Tests.xctest */ = {isa = PBXFileReference; explicitFileType = wrapper.cfbundle; includeInIndex = 0; path = HelloWorld_20190307Tests.xctest; sourceTree = BUILT_PRODUCTS_DIR; };
		3FB75C792230F7D0009F085B /* HelloWorld_20190307Tests.swift */ = {isa = PBXFileReference; lastKnownFileType = sourcecode.swift; path = HelloWorld_20190307Tests.swift; sourceTree = "<group>"; };
		3FB75C7B2230F7D0009F085B /* Info.plist */ = {isa = PBXFileReference; lastKnownFileType = text.plist.xml; path = Info.plist; sourceTree = "<group>"; };
		3FB75C802230F7D0009F085B /* HelloWorld_20190307UITests.xctest */ = {isa = PBXFileReference; explicitFileType = wrapper.cfbundle; includeInIndex = 0; path = HelloWorld_20190307UITests.xctest; sourceTree = BUILT_PRODUCTS_DIR; };
		3FB75C842230F7D0009F085B /* HelloWorld_20190307UITests.swift */ = {isa = PBXFileReference; lastKnownFileType = sourcecode.swift; path = HelloWorld_20190307UITests.swift; sourceTree = "<group>"; };
		3FB75C862230F7D0009F085B /* Info.plist */ = {isa = PBXFileReference; lastKnownFileType = text.plist.xml; path = Info.plist; sourceTree = "<group>"; };
		3FB75C922231033C009F085B /* View2ViewController.swift */ = {isa = PBXFileReference; lastKnownFileType = sourcecode.swift; path = View2ViewController.swift; sourceTree = "<group>"; };
/* End PBXFileReference section */

/* Begin PBXFrameworksBuildPhase section */
		3FB75C5B2230F7CD009F085B /* Frameworks */ = {
			isa = PBXFrameworksBuildPhase;
			buildActionMask = 2147483647;
			files = (
			);
			runOnlyForDeploymentPostprocessing = 0;
		};
		3FB75C722230F7D0009F085B /* Frameworks */ = {
			isa = PBXFrameworksBuildPhase;
			buildActionMask = 2147483647;
			files = (
			);
			runOnlyForDeploymentPostprocessing = 0;
		};
		3FB75C7D2230F7D0009F085B /* Frameworks */ = {
			isa = PBXFrameworksBuildPhase;
			buildActionMask = 2147483647;
			files = (
			);
			runOnlyForDeploymentPostprocessing = 0;
		};
/* End PBXFrameworksBuildPhase section */

/* Begin PBXGroup section */
		3FB75C552230F7CD009F085B = {
			isa = PBXGroup;
			children = (
				3FB75C602230F7CD009F085B /* HelloWorld_20190307 */,
				3FB75C782230F7D0009F085B /* HelloWorld_20190307Tests */,
				3FB75C832230F7D0009F085B /* HelloWorld_20190307UITests */,
				3FB75C5F2230F7CD009F085B /* Products */,
			);
			sourceTree = "<group>";
		};
		3FB75C5F2230F7CD009F085B /* Products */ = {
			isa = PBXGroup;
			children = (
				3FB75C5E2230F7CD009F085B /* HelloWorld_20190307.app */,
				3FB75C752230F7D0009F085B /* HelloWorld_20190307Tests.xctest */,
				3FB75C802230F7D0009F085B /* HelloWorld_20190307UITests.xctest */,
			);
			name = Products;
			sourceTree = "<group>";
		};
		3FB75C602230F7CD009F085B /* HelloWorld_20190307 */ = {
			isa = PBXGroup;
			children = (
				3FB75C612230F7CD009F085B /* AppDelegate.swift */,
				3FB75C632230F7CD009F085B /* ViewController.swift */,
				3FB75C652230F7CD009F085B /* Main.storyboard */,
				3FB75C922231033C009F085B /* View2ViewController.swift */,
				3FB75C6B2230F7D0009F085B /* Assets.xcassets */,
				3FB75C6D2230F7D0009F085B /* LaunchScreen.storyboard */,
				3FB75C702230F7D0009F085B /* Info.plist */,
				3FB75C682230F7CD009F085B /* HelloWorld_20190307.xcdatamodeld */,
			);
			path = HelloWorld_20190307;
			sourceTree = "<group>";
		};
		3FB75C782230F7D0009F085B /* HelloWorld_20190307Tests */ = {
			isa = PBXGroup;
			children = (
				3FB75C792230F7D0009F085B /* HelloWorld_20190307Tests.swift */,
				3FB75C7B2230F7D0009F085B /* Info.plist */,
			);
			path = HelloWorld_20190307Tests;
			sourceTree = "<group>";
		};
		3FB75C832230F7D0009F085B /* HelloWorld_20190307UITests */ = {
			isa = PBXGroup;
			children = (
				3FB75C842230F7D0009F085B /* HelloWorld_20190307UITests.swift */,
				3FB75C862230F7D0009F085B /* Info.plist */,
			);
			path = HelloWorld_20190307UITests;
			sourceTree = "<group>";
		};
/* End PBXGroup section */

/* Begin PBXNativeTarget section */
		3FB75C5D2230F7CD009F085B /* HelloWorld_20190307 */ = {
			isa = PBXNativeTarget;
			buildConfigurationList = 3FB75C892230F7D0009F085B /* Build configuration list for PBXNativeTarget "HelloWorld_20190307" */;
			buildPhases = (
				3FB75C5A2230F7CD009F085B /* Sources */,
				3FB75C5B2230F7CD009F085B /* Frameworks */,
				3FB75C5C2230F7CD009F085B /* Resources */,
			);
			buildRules = (
			);
			dependencies = (
			);
			name = HelloWorld_20190307;
			productName = HelloWorld_20190307;
			productReference = 3FB75C5E2230F7CD009F085B /* HelloWorld_20190307.app */;
			productType = "com.apple.product-type.application";
		};
		3FB75C742230F7D0009F085B /* HelloWorld_20190307Tests */ = {
			isa = PBXNativeTarget;
			buildConfigurationList = 3FB75C8C2230F7D0009F085B /* Build configuration list for PBXNativeTarget "HelloWorld_20190307Tests" */;
			buildPhases = (
				3FB75C712230F7D0009F085B /* Sources */,
				3FB75C722230F7D0009F085B /* Frameworks */,
				3FB75C732230F7D0009F085B /* Resources */,
			);
			buildRules = (
			);
			dependencies = (
				3FB75C772230F7D0009F085B /* PBXTargetDependency */,
			);
			name = HelloWorld_20190307Tests;
			productName = HelloWorld_20190307Tests;
			productReference = 3FB75C752230F7D0009F085B /* HelloWorld_20190307Tests.xctest */;
			productType = "com.apple.product-type.bundle.unit-test";
		};
		3FB75C7F2230F7D0009F085B /* HelloWorld_20190307UITests */ = {
			isa = PBXNativeTarget;
			buildConfigurationList = 3FB75C8F2230F7D0009F085B /* Build configuration list for PBXNativeTarget "HelloWorld_20190307UITests" */;
			buildPhases = (
				3FB75C7C2230F7D0009F085B /* Sources */,
				3FB75C7D2230F7D0009F085B /* Frameworks */,
				3FB75C7E2230F7D0009F085B /* Resources */,
			);
			buildRules = (
			);
			dependencies = (
				3FB75C822230F7D0009F085B /* PBXTargetDependency */,
			);
			name = HelloWorld_20190307UITests;
			productName = HelloWorld_20190307UITests;
			productReference = 3FB75C802230F7D0009F085B /* HelloWorld_20190307UITests.xctest */;
			productType = "com.apple.product-type.bundle.ui-testing";
		};
/* End PBXNativeTarget section */

/* Begin PBXProject section */
		3FB75C562230F7CD009F085B /* Project object */ = {
			isa = PBXProject;
			attributes = {
				LastSwiftUpdateCheck = 1010;
				LastUpgradeCheck = 1010;
				ORGANIZATIONNAME = TxWStudio;
				TargetAttributes = {
					3FB75C5D2230F7CD009F085B = {
						CreatedOnToolsVersion = 10.1;
					};
					3FB75C742230F7D0009F085B = {
						CreatedOnToolsVersion = 10.1;
						TestTargetID = 3FB75C5D2230F7CD009F085B;
					};
					3FB75C7F2230F7D0009F085B = {
						CreatedOnToolsVersion = 10.1;
						TestTargetID = 3FB75C5D2230F7CD009F085B;
					};
				};
			};
			buildConfigurationList = 3FB75C592230F7CD009F085B /* Build configuration list for PBXProject "HelloWorld_20190307" */;
			compatibilityVersion = "Xcode 9.3";
			developmentRegion = en;
			hasScannedForEncodings = 0;
			knownRegions = (
				en,
				Base,
			);
			mainGroup = 3FB75C552230F7CD009F085B;
			productRefGroup = 3FB75C5F2230F7CD009F085B /* Products */;
			projectDirPath = "";
			projectRoot = "";
			targets = (
				3FB75C5D2230F7CD009F085B /* HelloWorld_20190307 */,
				3FB75C742230F7D0009F085B /* HelloWorld_20190307Tests */,
				3FB75C7F2230F7D0009F085B /* HelloWorld_20190307UITests */,
			);
		};
/* End PBXProject section */

/* Begin PBXResourcesBuildPhase section */
		3FB75C5C2230F7CD009F085B /* Resources */ = {
			isa = PBXResourcesBuildPhase;
			buildActionMask = 2147483647;
			files = (
				3FB75C6F2230F7D0009F085B /* LaunchScreen.storyboard in Resources */,
				3FB75C6C2230F7D0009F085B /* Assets.xcassets in Resources */,
				3FB75C672230F7CD009F085B /* Main.storyboard in Resources */,
			);
			runOnlyForDeploymentPostprocessing = 0;
		};
		3FB75C732230F7D0009F085B /* Resources */ = {
			isa = PBXResourcesBuildPhase;
			buildActionMask = 2147483647;
			files = (
			);
			runOnlyForDeploymentPostprocessing = 0;
		};
		3FB75C7E2230F7D0009F085B /* Resources */ = {
			isa = PBXResourcesBuildPhase;
			buildActionMask = 2147483647;
			files = (
			);
			runOnlyForDeploymentPostprocessing = 0;
		};
/* End PBXResourcesBuildPhase section */

/* Begin PBXSourcesBuildPhase section */
		3FB75C5A2230F7CD009F085B /* Sources */ = {
			isa = PBXSourcesBuildPhase;
			buildActionMask = 2147483647;
			files = (
				3FB75C932231033C009F085B /* View2ViewController.swift in Sources */,
				3FB75C6A2230F7CD009F085B /* HelloWorld_20190307.xcdatamodeld in Sources */,
				3FB75C642230F7CD009F085B /* ViewController.swift in Sources */,
				3FB75C622230F7CD009F085B /* AppDelegate.swift in Sources */,
			);
			runOnlyForDeploymentPostprocessing = 0;
		};
		3FB75C712230F7D0009F085B /* Sources */ = {
			isa = PBXSourcesBuildPhase;
			buildActionMask = 2147483647;
			files = (
				3FB75C7A2230F7D0009F085B /* HelloWorld_20190307Tests.swift in Sources */,
			);
			runOnlyForDeploymentPostprocessing = 0;
		};
		3FB75C7C2230F7D0009F085B /* Sources */ = {
			isa = PBXSourcesBuildPhase;
			buildActionMask = 2147483647;
			files = (
				3FB75C852230F7D0009F085B /* HelloWorld_20190307UITests.swift in Sources */,
			);
			runOnlyForDeploymentPostprocessing = 0;
		};
/* End PBXSourcesBuildPhase section */

/* Begin PBXTargetDependency section */
		3FB75C772230F7D0009F085B /* PBXTargetDependency */ = {
			isa = PBXTargetDependency;
			target = 3FB75C5D2230F7CD009F085B /* HelloWorld_20190307 */;
			targetProxy = 3FB75C762230F7D0009F085B /* PBXContainerItemProxy */;
		};
		3FB75C822230F7D0009F085B /* PBXTargetDependency */ = {
			isa = PBXTargetDependency;
			target = 3FB75C5D2230F7CD009F085B /* HelloWorld_20190307 */;
			targetProxy = 3FB75C812230F7D0009F085B /* PBXContainerItemProxy */;
		};
/* End PBXTargetDependency section */

/* Begin PBXVariantGroup section */
		3FB75C652230F7CD009F085B /* Main.storyboard */ = {
			isa = PBXVariantGroup;
			children = (
				3FB75C662230F7CD009F085B /* Base */,
			);
			name = Main.storyboard;
			sourceTree = "<group>";
		};
		3FB75C6D2230F7D0009F085B /* LaunchScreen.storyboard */ = {
			isa = PBXVariantGroup;
			children = (
				3FB75C6E2230F7D0009F085B /* Base */,
			);
			name = LaunchScreen.storyboard;
			sourceTree = "<group>";
		};
/* End PBXVariantGroup section */

/* Begin XCBuildConfiguration section */
		3FB75C872230F7D0009F085B /* Debug */ = {
			isa = XCBuildConfiguration;
			buildSettings = {
				ALWAYS_SEARCH_USER_PATHS = NO;
				CLANG_ANALYZER_NONNULL = YES;
				CLANG_ANALYZER_NUMBER_OBJECT_CONVERSION = YES_AGGRESSIVE;
				CLANG_CXX_LANGUAGE_STANDARD = "gnu++14";
				CLANG_CXX_LIBRARY = "libc++";
				CLANG_ENABLE_MODULES = YES;
				CLANG_ENABLE_OBJC_ARC = YES;
				CLANG_ENABLE_OBJC_WEAK = YES;
				CLANG_WARN_BLOCK_CAPTURE_AUTORELEASING = YES;
				CLANG_WARN_BOOL_CONVERSION = YES;
				CLANG_WARN_COMMA = YES;
				CLANG_WARN_CONSTANT_CONVERSION = YES;
				CLANG_WARN_DEPRECATED_OBJC_IMPLEMENTATIONS = YES;
				CLANG_WARN_DIRECT_OBJC_ISA_USAGE = YES_ERROR;
				CLANG_WARN_DOCUMENTATION_COMMENTS = YES;
				CLANG_WARN_EMPTY_BODY = YES;
				CLANG_WARN_ENUM_CONVERSION = YES;
				CLANG_WARN_INFINITE_RECURSION = YES;
				CLANG_WARN_INT_CONVERSION = YES;
				CLANG_WARN_NON_LITERAL_NULL_CONVERSION = YES;
				CLANG_WARN_OBJC_IMPLICIT_RETAIN_SELF = YES;
				CLANG_WARN_OBJC_LITERAL_CONVERSION = YES;
				CLANG_WARN_OBJC_ROOT_CLASS = YES_ERROR;
				CLANG_WARN_RANGE_LOOP_ANALYSIS = YES;
				CLANG_WARN_STRICT_PROTOTYPES = YES;
				CLANG_WARN_SUSPICIOUS_MOVE = YES;
				CLANG_WARN_UNGUARDED_AVAILABILITY = YES_AGGRESSIVE;
				CLANG_WARN_UNREACHABLE_CODE = YES;
				CLANG_WARN__DUPLICATE_METHOD_MATCH = YES;
				CODE_SIGN_IDENTITY = "iPhone Developer";
				COPY_PHASE_STRIP = NO;
				DEBUG_INFORMATION_FORMAT = dwarf;
				ENABLE_STRICT_OBJC_MSGSEND = YES;
				ENABLE_TESTABILITY = YES;
				GCC_C_LANGUAGE_STANDARD = gnu11;
				GCC_DYNAMIC_NO_PIC = NO;
				GCC_NO_COMMON_BLOCKS = YES;
				GCC_OPTIMIZATION_LEVEL = 0;
				GCC_PREPROCESSOR_DEFINITIONS = (
					"DEBUG=1",
					"$(inherited)",
				);
				GCC_WARN_64_TO_32_BIT_CONVERSION = YES;
				GCC_WARN_ABOUT_RETURN_TYPE = YES_ERROR;
				GCC_WARN_UNDECLARED_SELECTOR = YES;
				GCC_WARN_UNINITIALIZED_AUTOS = YES_AGGRESSIVE;
				GCC_WARN_UNUSED_FUNCTION = YES;
				GCC_WARN_UNUSED_VARIABLE = YES;
				IPHONEOS_DEPLOYMENT_TARGET = 12.1;
				MTL_ENABLE_DEBUG_INFO = INCLUDE_SOURCE;
				MTL_FAST_MATH = YES;
				ONLY_ACTIVE_ARCH = YES;
				SDKROOT = iphoneos;
				SWIFT_ACTIVE_COMPILATION_CONDITIONS = DEBUG;
				SWIFT_OPTIMIZATION_LEVEL = "-Onone";
			};
			name = Debug;
		};
		3FB75C882230F7D0009F085B /* Release */ = {
			isa = XCBuildConfiguration;
			buildSettings = {
				ALWAYS_SEARCH_USER_PATHS = NO;
				CLANG_ANALYZER_NONNULL = YES;
				CLANG_ANALYZER_NUMBER_OBJECT_CONVERSION = YES_AGGRESSIVE;
				CLANG_CXX_LANGUAGE_STANDARD = "gnu++14";
				CLANG_CXX_LIBRARY = "libc++";
				CLANG_ENABLE_MODULES = YES;
				CLANG_ENABLE_OBJC_ARC = YES;
				CLANG_ENABLE_OBJC_WEAK = YES;
				CLANG_WARN_BLOCK_CAPTURE_AUTORELEASING = YES;
				CLANG_WARN_BOOL_CONVERSION = YES;
				CLANG_WARN_COMMA = YES;
				CLANG_WARN_CONSTANT_CONVERSION = YES;
				CLANG_WARN_DEPRECATED_OBJC_IMPLEMENTATIONS = YES;
				CLANG_WARN_DIRECT_OBJC_ISA_USAGE = YES_ERROR;
				CLANG_WARN_DOCUMENTATION_COMMENTS = YES;
				CLANG_WARN_EMPTY_BODY = YES;
				CLANG_WARN_ENUM_CONVERSION = YES;
				CLANG_WARN_INFINITE_RECURSION = YES;
				CLANG_WARN_INT_CONVERSION = YES;
				CLANG_WARN_NON_LITERAL_NULL_CONVERSION = YES;
				CLANG_WARN_OBJC_IMPLICIT_RETAIN_SELF = YES;
				CLANG_WARN_OBJC_LITERAL_CONVERSION = YES;
				CLANG_WARN_OBJC_ROOT_CLASS = YES_ERROR;
				CLANG_WARN_RANGE_LOOP_ANALYSIS = YES;
				CLANG_WARN_STRICT_PROTOTYPES = YES;
				CLANG_WARN_SUSPICIOUS_MOVE = YES;
				CLANG_WARN_UNGUARDED_AVAILABILITY = YES_AGGRESSIVE;
				CLANG_WARN_UNREACHABLE_CODE = YES;
				CLANG_WARN__DUPLICATE_METHOD_MATCH = YES;
				CODE_SIGN_IDENTITY = "iPhone Developer";
				COPY_PHASE_STRIP = NO;
				DEBUG_INFORMATION_FORMAT = "dwarf-with-dsym";
				ENABLE_NS_ASSERTIONS = NO;
				ENABLE_STRICT_OBJC_MSGSEND = YES;
				GCC_C_LANGUAGE_STANDARD = gnu11;
				GCC_NO_COMMON_BLOCKS = YES;
				GCC_WARN_64_TO_32_BIT_CONVERSION = YES;
				GCC_WARN_ABOUT_RETURN_TYPE = YES_ERROR;
				GCC_WARN_UNDECLARED_SELECTOR = YES;
				GCC_WARN_UNINITIALIZED_AUTOS = YES_AGGRESSIVE;
				GCC_WARN_UNUSED_FUNCTION = YES;
				GCC_WARN_UNUSED_VARIABLE = YES;
				IPHONEOS_DEPLOYMENT_TARGET = 12.1;
				MTL_ENABLE_DEBUG_INFO = NO;
				MTL_FAST_MATH = YES;
				SDKROOT = iphoneos;
				SWIFT_COMPILATION_MODE = wholemodule;
				SWIFT_OPTIMIZATION_LEVEL = "-O";
				VALIDATE_PRODUCT = YES;
			};
			name = Release;
		};
		3FB75C8A2230F7D0009F085B /* Debug */ = {
			isa = XCBuildConfiguration;
			buildSettings = {
				ASSETCATALOG_COMPILER_APPICON_NAME = AppIcon;
				CODE_SIGN_STYLE = Automatic;
				INFOPLIST_FILE = HelloWorld_20190307/Info.plist;
				LD_RUNPATH_SEARCH_PATHS = (
					"$(inherited)",
					"@executable_path/Frameworks",
				);
				PRODUCT_BUNDLE_IDENTIFIER = "com.txwstudio.trevor.HelloWorld-20190307";
				PRODUCT_NAME = "$(TARGET_NAME)";
				SWIFT_VERSION = 4.2;
				TARGETED_DEVICE_FAMILY = "1,2";
			};
			name = Debug;
		};
		3FB75C8B2230F7D0009F085B /* Release */ = {
			isa = XCBuildConfiguration;
			buildSettings = {
				ASSETCATALOG_COMPILER_APPICON_NAME = AppIcon;
				CODE_SIGN_STYLE = Automatic;
				INFOPLIST_FILE = HelloWorld_20190307/Info.plist;
				LD_RUNPATH_SEARCH_PATHS = (
					"$(inherited)",
					"@executable_path/Frameworks",
				);
				PRODUCT_BUNDLE_IDENTIFIER = "com.txwstudio.trevor.HelloWorld-20190307";
				PRODUCT_NAME = "$(TARGET_NAME)";
				SWIFT_VERSION = 4.2;
				TARGETED_DEVICE_FAMILY = "1,2";
			};
			name = Release;
		};
		3FB75C8D2230F7D0009F085B /* Debug */ = {
			isa = XCBuildConfiguration;
			buildSettings = {
				ALWAYS_EMBED_SWIFT_STANDARD_LIBRARIES = YES;
				BUNDLE_LOADER = "$(TEST_HOST)";
				CODE_SIGN_STYLE = Automatic;
				INFOPLIST_FILE = HelloWorld_20190307Tests/Info.plist;
				LD_RUNPATH_SEARCH_PATHS = (
					"$(inherited)",
					"@executable_path/Frameworks",
					"@loader_path/Frameworks",
				);
				PRODUCT_BUNDLE_IDENTIFIER = "com.txwstudio.trevor.HelloWorld-20190307Tests";
				PRODUCT_NAME = "$(TARGET_NAME)";
				SWIFT_VERSION = 4.2;
				TARGETED_DEVICE_FAMILY = "1,2";
				TEST_HOST = "$(BUILT_PRODUCTS_DIR)/HelloWorld_20190307.app/HelloWorld_20190307";
			};
			name = Debug;
		};
		3FB75C8E2230F7D0009F085B /* Release */ = {
			isa = XCBuildConfiguration;
			buildSettings = {
				ALWAYS_EMBED_SWIFT_STANDARD_LIBRARIES = YES;
				BUNDLE_LOADER = "$(TEST_HOST)";
				CODE_SIGN_STYLE = Automatic;
				INFOPLIST_FILE = HelloWorld_20190307Tests/Info.plist;
				LD_RUNPATH_SEARCH_PATHS = (
					"$(inherited)",
					"@executable_path/Frameworks",
					"@loader_path/Frameworks",
				);
				PRODUCT_BUNDLE_IDENTIFIER = "com.txwstudio.trevor.HelloWorld-20190307Tests";
				PRODUCT_NAME = "$(TARGET_NAME)";
				SWIFT_VERSION = 4.2;
				TARGETED_DEVICE_FAMILY = "1,2";
				TEST_HOST = "$(BUILT_PRODUCTS_DIR)/HelloWorld_20190307.app/HelloWorld_20190307";
			};
			name = Release;
		};
		3FB75C902230F7D0009F085B /* Debug */ = {
			isa = XCBuildConfiguration;
			buildSettings = {
				ALWAYS_EMBED_SWIFT_STANDARD_LIBRARIES = YES;
				CODE_SIGN_STYLE = Automatic;
				INFOPLIST_FILE = HelloWorld_20190307UITests/Info.plist;
				LD_RUNPATH_SEARCH_PATHS = (
					"$(inherited)",
					"@executable_path/Frameworks",
					"@loader_path/Frameworks",
				);
				PRODUCT_BUNDLE_IDENTIFIER = "com.txwstudio.trevor.HelloWorld-20190307UITests";
				PRODUCT_NAME = "$(TARGET_NAME)";
				SWIFT_VERSION = 4.2;
				TARGETED_DEVICE_FAMILY = "1,2";
				TEST_TARGET_NAME = HelloWorld_20190307;
			};
			name = Debug;
		};
		3FB75C912230F7D0009F085B /* Release */ = {
			isa = XCBuildConfiguration;
			buildSettings = {
				ALWAYS_EMBED_SWIFT_STANDARD_LIBRARIES = YES;
				CODE_SIGN_STYLE = Automatic;
				INFOPLIST_FILE = HelloWorld_20190307UITests/Info.plist;
				LD_RUNPATH_SEARCH_PATHS = (
					"$(inherited)",
					"@executable_path/Frameworks",
					"@loader_path/Frameworks",
				);
				PRODUCT_BUNDLE_IDENTIFIER = "com.txwstudio.trevor.HelloWorld-20190307UITests";
				PRODUCT_NAME = "$(TARGET_NAME)";
				SWIFT_VERSION = 4.2;
				TARGETED_DEVICE_FAMILY = "1,2";
				TEST_TARGET_NAME = HelloWorld_20190307;
			};
			name = Release;
		};
/* End XCBuildConfiguration section */

/* Begin XCConfigurationList section */
		3FB75C592230F7CD009F085B /* Build configuration list for PBXProject "HelloWorld_20190307" */ = {
			isa = XCConfigurationList;
			buildConfigurations = (
				3FB75C872230F7D0009F085B /* Debug */,
				3FB75C882230F7D0009F085B /* Release */,
			);
			defaultConfigurationIsVisible = 0;
			defaultConfigurationName = Release;
		};
		3FB75C892230F7D0009F085B /* Build configuration list for PBXNativeTarget "HelloWorld_20190307" */ = {
			isa = XCConfigurationList;
			buildConfigurations = (
				3FB75C8A2230F7D0009F085B /* Debug */,
				3FB75C8B2230F7D0009F085B /* Release */,
			);
			defaultConfigurationIsVisible = 0;
			defaultConfigurationName = Release;
		};
		3FB75C8C2230F7D0009F085B /* Build configuration list for PBXNativeTarget "HelloWorld_20190307Tests" */ = {
			isa = XCConfigurationList;
			buildConfigurations = (
				3FB75C8D2230F7D0009F085B /* Debug */,
				3FB75C8E2230F7D0009F085B /* Release */,
			);
			defaultConfigurationIsVisible = 0;
			defaultConfigurationName = Release;
		};
		3FB75C8F2230F7D0009F085B /* Build configuration list for PBXNativeTarget "HelloWorld_20190307UITests" */ = {
			isa = XCConfigurationList;
			buildConfigurations = (
				3FB75C902230F7D0009F085B /* Debug */,
				3FB75C912230F7D0009F085B /* Release */,
			);
			defaultConfigurationIsVisible = 0;
			defaultConfigurationName = Release;
		};
/* End XCConfigurationList section */

/* Begin XCVersionGroup section */
		3FB75C682230F7CD009F085B /* HelloWorld_20190307.xcdatamodeld */ = {
			isa = XCVersionGroup;
			children = (
				3FB75C692230F7CD009F085B /* HelloWorld_20190307.xcdatamodel */,
			);
			currentVersion = 3FB75C692230F7CD009F085B /* HelloWorld_20190307.xcdatamodel */;
			path = HelloWorld_20190307.xcdatamodeld;
			sourceTree = "<group>";
			versionGroupType = wrapper.xcdatamodel;
		};
/* End XCVersionGroup section */
	};
	rootObject = 3FB75C562230F7CD009F085B /* Project object */;
}
