// !$*UTF8*$!
{
	archiveVersion = 1;
	classes = {
	};
	objectVersion = 48;
	objects = {

/* Begin PBXBuildFile section */
		4C57AFAA22473D7A00D2B0C5 /* AppDelegate.swift in Sources */ = {isa = PBXBuildFile; fileRef = 4C57AFA922473D7A00D2B0C5 /* AppDelegate.swift */; };
		4C57AFAC22473D7A00D2B0C5 /* ViewController.swift in Sources */ = {isa = PBXBuildFile; fileRef = 4C57AFAB22473D7A00D2B0C5 /* ViewController.swift */; };
		4C57AFAF22473D7A00D2B0C5 /* Main.storyboard in Resources */ = {isa = PBXBuildFile; fileRef = 4C57AFAD22473D7A00D2B0C5 /* Main.storyboard */; };
		4C57AFB122473D7A00D2B0C5 /* Assets.xcassets in Resources */ = {isa = PBXBuildFile; fileRef = 4C57AFB022473D7A00D2B0C5 /* Assets.xcassets */; };
		4C57AFB422473D7A00D2B0C5 /* LaunchScreen.storyboard in Resources */ = {isa = PBXBuildFile; fileRef = 4C57AFB222473D7A00D2B0C5 /* LaunchScreen.storyboard */; };
		4C57AFBF22473D7A00D2B0C5 /* _0190321_TimerTests.swift in Sources */ = {isa = PBXBuildFile; fileRef = 4C57AFBE22473D7A00D2B0C5 /* _0190321_TimerTests.swift */; };
		4C57AFCA22473D7A00D2B0C5 /* _0190321_TimerUITests.swift in Sources */ = {isa = PBXBuildFile; fileRef = 4C57AFC922473D7A00D2B0C5 /* _0190321_TimerUITests.swift */; };
/* End PBXBuildFile section */

/* Begin PBXContainerItemProxy section */
		4C57AFBB22473D7A00D2B0C5 /* PBXContainerItemProxy */ = {
			isa = PBXContainerItemProxy;
			containerPortal = 4C57AF9E22473D7A00D2B0C5 /* Project object */;
			proxyType = 1;
			remoteGlobalIDString = 4C57AFA522473D7A00D2B0C5;
			remoteInfo = 20190321_Timer;
		};
		4C57AFC622473D7A00D2B0C5 /* PBXContainerItemProxy */ = {
			isa = PBXContainerItemProxy;
			containerPortal = 4C57AF9E22473D7A00D2B0C5 /* Project object */;
			proxyType = 1;
			remoteGlobalIDString = 4C57AFA522473D7A00D2B0C5;
			remoteInfo = 20190321_Timer;
		};
/* End PBXContainerItemProxy section */

/* Begin PBXFileReference section */
		4C57AFA622473D7A00D2B0C5 /* 20190321_Timer.app */ = {isa = PBXFileReference; explicitFileType = wrapper.application; includeInIndex = 0; path = 20190321_Timer.app; sourceTree = BUILT_PRODUCTS_DIR; };
		4C57AFA922473D7A00D2B0C5 /* AppDelegate.swift */ = {isa = PBXFileReference; lastKnownFileType = sourcecode.swift; path = AppDelegate.swift; sourceTree = "<group>"; };
		4C57AFAB22473D7A00D2B0C5 /* ViewController.swift */ = {isa = PBXFileReference; lastKnownFileType = sourcecode.swift; path = ViewController.swift; sourceTree = "<group>"; };
		4C57AFAE22473D7A00D2B0C5 /* Base */ = {isa = PBXFileReference; lastKnownFileType = file.storyboard; name = Base; path = Base.lproj/Main.storyboard; sourceTree = "<group>"; };
		4C57AFB022473D7A00D2B0C5 /* Assets.xcassets */ = {isa = PBXFileReference; lastKnownFileType = folder.assetcatalog; path = Assets.xcassets; sourceTree = "<group>"; };
		4C57AFB322473D7A00D2B0C5 /* Base */ = {isa = PBXFileReference; lastKnownFileType = file.storyboard; name = Base; path = Base.lproj/LaunchScreen.storyboard; sourceTree = "<group>"; };
		4C57AFB522473D7A00D2B0C5 /* Info.plist */ = {isa = PBXFileReference; lastKnownFileType = text.plist.xml; path = Info.plist; sourceTree = "<group>"; };
		4C57AFBA22473D7A00D2B0C5 /* 20190321_TimerTests.xctest */ = {isa = PBXFileReference; explicitFileType = wrapper.cfbundle; includeInIndex = 0; path = 20190321_TimerTests.xctest; sourceTree = BUILT_PRODUCTS_DIR; };
		4C57AFBE22473D7A00D2B0C5 /* _0190321_TimerTests.swift */ = {isa = PBXFileReference; lastKnownFileType = sourcecode.swift; path = _0190321_TimerTests.swift; sourceTree = "<group>"; };
		4C57AFC022473D7A00D2B0C5 /* Info.plist */ = {isa = PBXFileReference; lastKnownFileType = text.plist.xml; path = Info.plist; sourceTree = "<group>"; };
		4C57AFC522473D7A00D2B0C5 /* 20190321_TimerUITests.xctest */ = {isa = PBXFileReference; explicitFileType = wrapper.cfbundle; includeInIndex = 0; path = 20190321_TimerUITests.xctest; sourceTree = BUILT_PRODUCTS_DIR; };
		4C57AFC922473D7A00D2B0C5 /* _0190321_TimerUITests.swift */ = {isa = PBXFileReference; lastKnownFileType = sourcecode.swift; path = _0190321_TimerUITests.swift; sourceTree = "<group>"; };
		4C57AFCB22473D7A00D2B0C5 /* Info.plist */ = {isa = PBXFileReference; lastKnownFileType = text.plist.xml; path = Info.plist; sourceTree = "<group>"; };
/* End PBXFileReference section */

/* Begin PBXFrameworksBuildPhase section */
		4C57AFA322473D7A00D2B0C5 /* Frameworks */ = {
			isa = PBXFrameworksBuildPhase;
			buildActionMask = 2147483647;
			files = (
			);
			runOnlyForDeploymentPostprocessing = 0;
		};
		4C57AFB722473D7A00D2B0C5 /* Frameworks */ = {
			isa = PBXFrameworksBuildPhase;
			buildActionMask = 2147483647;
			files = (
			);
			runOnlyForDeploymentPostprocessing = 0;
		};
		4C57AFC222473D7A00D2B0C5 /* Frameworks */ = {
			isa = PBXFrameworksBuildPhase;
			buildActionMask = 2147483647;
			files = (
			);
			runOnlyForDeploymentPostprocessing = 0;
		};
/* End PBXFrameworksBuildPhase section */

/* Begin PBXGroup section */
		4C57AF9D22473D7A00D2B0C5 = {
			isa = PBXGroup;
			children = (
				4C57AFA822473D7A00D2B0C5 /* 20190321_Timer */,
				4C57AFBD22473D7A00D2B0C5 /* 20190321_TimerTests */,
				4C57AFC822473D7A00D2B0C5 /* 20190321_TimerUITests */,
				4C57AFA722473D7A00D2B0C5 /* Products */,
			);
			sourceTree = "<group>";
		};
		4C57AFA722473D7A00D2B0C5 /* Products */ = {
			isa = PBXGroup;
			children = (
				4C57AFA622473D7A00D2B0C5 /* 20190321_Timer.app */,
				4C57AFBA22473D7A00D2B0C5 /* 20190321_TimerTests.xctest */,
				4C57AFC522473D7A00D2B0C5 /* 20190321_TimerUITests.xctest */,
			);
			name = Products;
			sourceTree = "<group>";
		};
		4C57AFA822473D7A00D2B0C5 /* 20190321_Timer */ = {
			isa = PBXGroup;
			children = (
				4C57AFA922473D7A00D2B0C5 /* AppDelegate.swift */,
				4C57AFAB22473D7A00D2B0C5 /* ViewController.swift */,
				4C57AFAD22473D7A00D2B0C5 /* Main.storyboard */,
				4C57AFB022473D7A00D2B0C5 /* Assets.xcassets */,
				4C57AFB222473D7A00D2B0C5 /* LaunchScreen.storyboard */,
				4C57AFB522473D7A00D2B0C5 /* Info.plist */,
			);
			path = 20190321_Timer;
			sourceTree = "<group>";
		};
		4C57AFBD22473D7A00D2B0C5 /* 20190321_TimerTests */ = {
			isa = PBXGroup;
			children = (
				4C57AFBE22473D7A00D2B0C5 /* _0190321_TimerTests.swift */,
				4C57AFC022473D7A00D2B0C5 /* Info.plist */,
			);
			path = 20190321_TimerTests;
			sourceTree = "<group>";
		};
		4C57AFC822473D7A00D2B0C5 /* 20190321_TimerUITests */ = {
			isa = PBXGroup;
			children = (
				4C57AFC922473D7A00D2B0C5 /* _0190321_TimerUITests.swift */,
				4C57AFCB22473D7A00D2B0C5 /* Info.plist */,
			);
			path = 20190321_TimerUITests;
			sourceTree = "<group>";
		};
/* End PBXGroup section */

/* Begin PBXNativeTarget section */
		4C57AFA522473D7A00D2B0C5 /* 20190321_Timer */ = {
			isa = PBXNativeTarget;
			buildConfigurationList = 4C57AFCE22473D7A00D2B0C5 /* Build configuration list for PBXNativeTarget "20190321_Timer" */;
			buildPhases = (
				4C57AFA222473D7A00D2B0C5 /* Sources */,
				4C57AFA322473D7A00D2B0C5 /* Frameworks */,
				4C57AFA422473D7A00D2B0C5 /* Resources */,
			);
			buildRules = (
			);
			dependencies = (
			);
			name = 20190321_Timer;
			productName = 20190321_Timer;
			productReference = 4C57AFA622473D7A00D2B0C5 /* 20190321_Timer.app */;
			productType = "com.apple.product-type.application";
		};
		4C57AFB922473D7A00D2B0C5 /* 20190321_TimerTests */ = {
			isa = PBXNativeTarget;
			buildConfigurationList = 4C57AFD122473D7A00D2B0C5 /* Build configuration list for PBXNativeTarget "20190321_TimerTests" */;
			buildPhases = (
				4C57AFB622473D7A00D2B0C5 /* Sources */,
				4C57AFB722473D7A00D2B0C5 /* Frameworks */,
				4C57AFB822473D7A00D2B0C5 /* Resources */,
			);
			buildRules = (
			);
			dependencies = (
				4C57AFBC22473D7A00D2B0C5 /* PBXTargetDependency */,
			);
			name = 20190321_TimerTests;
			productName = 20190321_TimerTests;
			productReference = 4C57AFBA22473D7A00D2B0C5 /* 20190321_TimerTests.xctest */;
			productType = "com.apple.product-type.bundle.unit-test";
		};
		4C57AFC422473D7A00D2B0C5 /* 20190321_TimerUITests */ = {
			isa = PBXNativeTarget;
			buildConfigurationList = 4C57AFD422473D7A00D2B0C5 /* Build configuration list for PBXNativeTarget "20190321_TimerUITests" */;
			buildPhases = (
				4C57AFC122473D7A00D2B0C5 /* Sources */,
				4C57AFC222473D7A00D2B0C5 /* Frameworks */,
				4C57AFC322473D7A00D2B0C5 /* Resources */,
			);
			buildRules = (
			);
			dependencies = (
				4C57AFC722473D7A00D2B0C5 /* PBXTargetDependency */,
			);
			name = 20190321_TimerUITests;
			productName = 20190321_TimerUITests;
			productReference = 4C57AFC522473D7A00D2B0C5 /* 20190321_TimerUITests.xctest */;
			productType = "com.apple.product-type.bundle.ui-testing";
		};
/* End PBXNativeTarget section */

/* Begin PBXProject section */
		4C57AF9E22473D7A00D2B0C5 /* Project object */ = {
			isa = PBXProject;
			attributes = {
				LastSwiftUpdateCheck = 0920;
				LastUpgradeCheck = 0920;
				ORGANIZATIONNAME = TxWStudio;
				TargetAttributes = {
					4C57AFA522473D7A00D2B0C5 = {
						CreatedOnToolsVersion = 9.2;
						ProvisioningStyle = Automatic;
					};
					4C57AFB922473D7A00D2B0C5 = {
						CreatedOnToolsVersion = 9.2;
						ProvisioningStyle = Automatic;
						TestTargetID = 4C57AFA522473D7A00D2B0C5;
					};
					4C57AFC422473D7A00D2B0C5 = {
						CreatedOnToolsVersion = 9.2;
						ProvisioningStyle = Automatic;
						TestTargetID = 4C57AFA522473D7A00D2B0C5;
					};
				};
			};
			buildConfigurationList = 4C57AFA122473D7A00D2B0C5 /* Build configuration list for PBXProject "20190321_Timer" */;
			compatibilityVersion = "Xcode 8.0";
			developmentRegion = en;
			hasScannedForEncodings = 0;
			knownRegions = (
				en,
				Base,
			);
			mainGroup = 4C57AF9D22473D7A00D2B0C5;
			productRefGroup = 4C57AFA722473D7A00D2B0C5 /* Products */;
			projectDirPath = "";
			projectRoot = "";
			targets = (
				4C57AFA522473D7A00D2B0C5 /* 20190321_Timer */,
				4C57AFB922473D7A00D2B0C5 /* 20190321_TimerTests */,
				4C57AFC422473D7A00D2B0C5 /* 20190321_TimerUITests */,
			);
		};
/* End PBXProject section */

/* Begin PBXResourcesBuildPhase section */
		4C57AFA422473D7A00D2B0C5 /* Resources */ = {
			isa = PBXResourcesBuildPhase;
			buildActionMask = 2147483647;
			files = (
				4C57AFB422473D7A00D2B0C5 /* LaunchScreen.storyboard in Resources */,
				4C57AFB122473D7A00D2B0C5 /* Assets.xcassets in Resources */,
				4C57AFAF22473D7A00D2B0C5 /* Main.storyboard in Resources */,
			);
			runOnlyForDeploymentPostprocessing = 0;
		};
		4C57AFB822473D7A00D2B0C5 /* Resources */ = {
			isa = PBXResourcesBuildPhase;
			buildActionMask = 2147483647;
			files = (
			);
			runOnlyForDeploymentPostprocessing = 0;
		};
		4C57AFC322473D7A00D2B0C5 /* Resources */ = {
			isa = PBXResourcesBuildPhase;
			buildActionMask = 2147483647;
			files = (
			);
			runOnlyForDeploymentPostprocessing = 0;
		};
/* End PBXResourcesBuildPhase section */

/* Begin PBXSourcesBuildPhase section */
		4C57AFA222473D7A00D2B0C5 /* Sources */ = {
			isa = PBXSourcesBuildPhase;
			buildActionMask = 2147483647;
			files = (
				4C57AFAC22473D7A00D2B0C5 /* ViewController.swift in Sources */,
				4C57AFAA22473D7A00D2B0C5 /* AppDelegate.swift in Sources */,
			);
			runOnlyForDeploymentPostprocessing = 0;
		};
		4C57AFB622473D7A00D2B0C5 /* Sources */ = {
			isa = PBXSourcesBuildPhase;
			buildActionMask = 2147483647;
			files = (
				4C57AFBF22473D7A00D2B0C5 /* _0190321_TimerTests.swift in Sources */,
			);
			runOnlyForDeploymentPostprocessing = 0;
		};
		4C57AFC122473D7A00D2B0C5 /* Sources */ = {
			isa = PBXSourcesBuildPhase;
			buildActionMask = 2147483647;
			files = (
				4C57AFCA22473D7A00D2B0C5 /* _0190321_TimerUITests.swift in Sources */,
			);
			runOnlyForDeploymentPostprocessing = 0;
		};
/* End PBXSourcesBuildPhase section */

/* Begin PBXTargetDependency section */
		4C57AFBC22473D7A00D2B0C5 /* PBXTargetDependency */ = {
			isa = PBXTargetDependency;
			target = 4C57AFA522473D7A00D2B0C5 /* 20190321_Timer */;
			targetProxy = 4C57AFBB22473D7A00D2B0C5 /* PBXContainerItemProxy */;
		};
		4C57AFC722473D7A00D2B0C5 /* PBXTargetDependency */ = {
			isa = PBXTargetDependency;
			target = 4C57AFA522473D7A00D2B0C5 /* 20190321_Timer */;
			targetProxy = 4C57AFC622473D7A00D2B0C5 /* PBXContainerItemProxy */;
		};
/* End PBXTargetDependency section */

/* Begin PBXVariantGroup section */
		4C57AFAD22473D7A00D2B0C5 /* Main.storyboard */ = {
			isa = PBXVariantGroup;
			children = (
				4C57AFAE22473D7A00D2B0C5 /* Base */,
			);
			name = Main.storyboard;
			sourceTree = "<group>";
		};
		4C57AFB222473D7A00D2B0C5 /* LaunchScreen.storyboard */ = {
			isa = PBXVariantGroup;
			children = (
				4C57AFB322473D7A00D2B0C5 /* Base */,
			);
			name = LaunchScreen.storyboard;
			sourceTree = "<group>";
		};
/* End PBXVariantGroup section */

/* Begin XCBuildConfiguration section */
		4C57AFCC22473D7A00D2B0C5 /* Debug */ = {
			isa = XCBuildConfiguration;
			buildSettings = {
				ALWAYS_SEARCH_USER_PATHS = NO;
				CLANG_ANALYZER_NONNULL = YES;
				CLANG_ANALYZER_NUMBER_OBJECT_CONVERSION = YES_AGGRESSIVE;
				CLANG_CXX_LANGUAGE_STANDARD = "gnu++14";
				CLANG_CXX_LIBRARY = "libc++";
				CLANG_ENABLE_MODULES = YES;
				CLANG_ENABLE_OBJC_ARC = YES;
				CLANG_WARN_BLOCK_CAPTURE_AUTORELEASING = YES;
				CLANG_WARN_BOOL_CONVERSION = YES;
				CLANG_WARN_COMMA = YES;
				CLANG_WARN_CONSTANT_CONVERSION = YES;
				CLANG_WARN_DIRECT_OBJC_ISA_USAGE = YES_ERROR;
				CLANG_WARN_DOCUMENTATION_COMMENTS = YES;
				CLANG_WARN_EMPTY_BODY = YES;
				CLANG_WARN_ENUM_CONVERSION = YES;
				CLANG_WARN_INFINITE_RECURSION = YES;
				CLANG_WARN_INT_CONVERSION = YES;
				CLANG_WARN_NON_LITERAL_NULL_CONVERSION = YES;
				CLANG_WARN_OBJC_LITERAL_CONVERSION = YES;
				CLANG_WARN_OBJC_ROOT_CLASS = YES_ERROR;
				CLANG_WARN_RANGE_LOOP_ANALYSIS = YES;
				CLANG_WARN_STRICT_PROTOTYPES = YES;
				CLANG_WARN_SUSPICIOUS_MOVE = YES;
				CLANG_WARN_UNGUARDED_AVAILABILITY = YES_AGGRESSIVE;
				CLANG_WARN_UNREACHABLE_CODE = YES;
				CLANG_WARN__DUPLICATE_METHOD_MATCH = YES;
				CODE_SIGN_IDENTITY = "iPhone Developer";
				COPY_PHASE_STRIP = NO;
				DEBUG_INFORMATION_FORMAT = dwarf;
				ENABLE_STRICT_OBJC_MSGSEND = YES;
				ENABLE_TESTABILITY = YES;
				GCC_C_LANGUAGE_STANDARD = gnu11;
				GCC_DYNAMIC_NO_PIC = NO;
				GCC_NO_COMMON_BLOCKS = YES;
				GCC_OPTIMIZATION_LEVEL = 0;
				GCC_PREPROCESSOR_DEFINITIONS = (
					"DEBUG=1",
					"$(inherited)",
				);
				GCC_WARN_64_TO_32_BIT_CONVERSION = YES;
				GCC_WARN_ABOUT_RETURN_TYPE = YES_ERROR;
				GCC_WARN_UNDECLARED_SELECTOR = YES;
				GCC_WARN_UNINITIALIZED_AUTOS = YES_AGGRESSIVE;
				GCC_WARN_UNUSED_FUNCTION = YES;
				GCC_WARN_UNUSED_VARIABLE = YES;
				IPHONEOS_DEPLOYMENT_TARGET = 11.2;
				MTL_ENABLE_DEBUG_INFO = YES;
				ONLY_ACTIVE_ARCH = YES;
				SDKROOT = iphoneos;
				SWIFT_ACTIVE_COMPILATION_CONDITIONS = DEBUG;
				SWIFT_OPTIMIZATION_LEVEL = "-Onone";
			};
			name = Debug;
		};
		4C57AFCD22473D7A00D2B0C5 /* Release */ = {
			isa = XCBuildConfiguration;
			buildSettings = {
				ALWAYS_SEARCH_USER_PATHS = NO;
				CLANG_ANALYZER_NONNULL = YES;
				CLANG_ANALYZER_NUMBER_OBJECT_CONVERSION = YES_AGGRESSIVE;
				CLANG_CXX_LANGUAGE_STANDARD = "gnu++14";
				CLANG_CXX_LIBRARY = "libc++";
				CLANG_ENABLE_MODULES = YES;
				CLANG_ENABLE_OBJC_ARC = YES;
				CLANG_WARN_BLOCK_CAPTURE_AUTORELEASING = YES;
				CLANG_WARN_BOOL_CONVERSION = YES;
				CLANG_WARN_COMMA = YES;
				CLANG_WARN_CONSTANT_CONVERSION = YES;
				CLANG_WARN_DIRECT_OBJC_ISA_USAGE = YES_ERROR;
				CLANG_WARN_DOCUMENTATION_COMMENTS = YES;
				CLANG_WARN_EMPTY_BODY = YES;
				CLANG_WARN_ENUM_CONVERSION = YES;
				CLANG_WARN_INFINITE_RECURSION = YES;
				CLANG_WARN_INT_CONVERSION = YES;
				CLANG_WARN_NON_LITERAL_NULL_CONVERSION = YES;
				CLANG_WARN_OBJC_LITERAL_CONVERSION = YES;
				CLANG_WARN_OBJC_ROOT_CLASS = YES_ERROR;
				CLANG_WARN_RANGE_LOOP_ANALYSIS = YES;
				CLANG_WARN_STRICT_PROTOTYPES = YES;
				CLANG_WARN_SUSPICIOUS_MOVE = YES;
				CLANG_WARN_UNGUARDED_AVAILABILITY = YES_AGGRESSIVE;
				CLANG_WARN_UNREACHABLE_CODE = YES;
				CLANG_WARN__DUPLICATE_METHOD_MATCH = YES;
				CODE_SIGN_IDENTITY = "iPhone Developer";
				COPY_PHASE_STRIP = NO;
				DEBUG_INFORMATION_FORMAT = "dwarf-with-dsym";
				ENABLE_NS_ASSERTIONS = NO;
				ENABLE_STRICT_OBJC_MSGSEND = YES;
				GCC_C_LANGUAGE_STANDARD = gnu11;
				GCC_NO_COMMON_BLOCKS = YES;
				GCC_WARN_64_TO_32_BIT_CONVERSION = YES;
				GCC_WARN_ABOUT_RETURN_TYPE = YES_ERROR;
				GCC_WARN_UNDECLARED_SELECTOR = YES;
				GCC_WARN_UNINITIALIZED_AUTOS = YES_AGGRESSIVE;
				GCC_WARN_UNUSED_FUNCTION = YES;
				GCC_WARN_UNUSED_VARIABLE = YES;
				IPHONEOS_DEPLOYMENT_TARGET = 11.2;
				MTL_ENABLE_DEBUG_INFO = NO;
				SDKROOT = iphoneos;
				SWIFT_OPTIMIZATION_LEVEL = "-Owholemodule";
				VALIDATE_PRODUCT = YES;
			};
			name = Release;
		};
		4C57AFCF22473D7A00D2B0C5 /* Debug */ = {
			isa = XCBuildConfiguration;
			buildSettings = {
				ASSETCATALOG_COMPILER_APPICON_NAME = AppIcon;
				CODE_SIGN_STYLE = Automatic;
				INFOPLIST_FILE = 20190321_Timer/Info.plist;
				LD_RUNPATH_SEARCH_PATHS = "$(inherited) @executable_path/Frameworks";
				PRODUCT_BUNDLE_IDENTIFIER = "com.txwstudio.trevorwu.-0190321-Timer";
				PRODUCT_NAME = "$(TARGET_NAME)";
				SWIFT_VERSION = 4.0;
				TARGETED_DEVICE_FAMILY = "1,2";
			};
			name = Debug;
		};
		4C57AFD022473D7A00D2B0C5 /* Release */ = {
			isa = XCBuildConfiguration;
			buildSettings = {
				ASSETCATALOG_COMPILER_APPICON_NAME = AppIcon;
				CODE_SIGN_STYLE = Automatic;
				INFOPLIST_FILE = 20190321_Timer/Info.plist;
				LD_RUNPATH_SEARCH_PATHS = "$(inherited) @executable_path/Frameworks";
				PRODUCT_BUNDLE_IDENTIFIER = "com.txwstudio.trevorwu.-0190321-Timer";
				PRODUCT_NAME = "$(TARGET_NAME)";
				SWIFT_VERSION = 4.0;
				TARGETED_DEVICE_FAMILY = "1,2";
			};
			name = Release;
		};
		4C57AFD222473D7A00D2B0C5 /* Debug */ = {
			isa = XCBuildConfiguration;
			buildSettings = {
				ALWAYS_EMBED_SWIFT_STANDARD_LIBRARIES = YES;
				BUNDLE_LOADER = "$(TEST_HOST)";
				CODE_SIGN_STYLE = Automatic;
				INFOPLIST_FILE = 20190321_TimerTests/Info.plist;
				LD_RUNPATH_SEARCH_PATHS = "$(inherited) @executable_path/Frameworks @loader_path/Frameworks";
				PRODUCT_BUNDLE_IDENTIFIER = "com.txwstudio.trevorwu.-0190321-TimerTests";
				PRODUCT_NAME = "$(TARGET_NAME)";
				SWIFT_VERSION = 4.0;
				TARGETED_DEVICE_FAMILY = "1,2";
				TEST_HOST = "$(BUILT_PRODUCTS_DIR)/20190321_Timer.app/20190321_Timer";
			};
			name = Debug;
		};
		4C57AFD322473D7A00D2B0C5 /* Release */ = {
			isa = XCBuildConfiguration;
			buildSettings = {
				ALWAYS_EMBED_SWIFT_STANDARD_LIBRARIES = YES;
				BUNDLE_LOADER = "$(TEST_HOST)";
				CODE_SIGN_STYLE = Automatic;
				INFOPLIST_FILE = 20190321_TimerTests/Info.plist;
				LD_RUNPATH_SEARCH_PATHS = "$(inherited) @executable_path/Frameworks @loader_path/Frameworks";
				PRODUCT_BUNDLE_IDENTIFIER = "com.txwstudio.trevorwu.-0190321-TimerTests";
				PRODUCT_NAME = "$(TARGET_NAME)";
				SWIFT_VERSION = 4.0;
				TARGETED_DEVICE_FAMILY = "1,2";
				TEST_HOST = "$(BUILT_PRODUCTS_DIR)/20190321_Timer.app/20190321_Timer";
			};
			name = Release;
		};
		4C57AFD522473D7A00D2B0C5 /* Debug */ = {
			isa = XCBuildConfiguration;
			buildSettings = {
				ALWAYS_EMBED_SWIFT_STANDARD_LIBRARIES = YES;
				CODE_SIGN_STYLE = Automatic;
				INFOPLIST_FILE = 20190321_TimerUITests/Info.plist;
				LD_RUNPATH_SEARCH_PATHS = "$(inherited) @executable_path/Frameworks @loader_path/Frameworks";
				PRODUCT_BUNDLE_IDENTIFIER = "com.txwstudio.trevorwu.-0190321-TimerUITests";
				PRODUCT_NAME = "$(TARGET_NAME)";
				SWIFT_VERSION = 4.0;
				TARGETED_DEVICE_FAMILY = "1,2";
				TEST_TARGET_NAME = 20190321_Timer;
			};
			name = Debug;
		};
		4C57AFD622473D7A00D2B0C5 /* Release */ = {
			isa = XCBuildConfiguration;
			buildSettings = {
				ALWAYS_EMBED_SWIFT_STANDARD_LIBRARIES = YES;
				CODE_SIGN_STYLE = Automatic;
				INFOPLIST_FILE = 20190321_TimerUITests/Info.plist;
				LD_RUNPATH_SEARCH_PATHS = "$(inherited) @executable_path/Frameworks @loader_path/Frameworks";
				PRODUCT_BUNDLE_IDENTIFIER = "com.txwstudio.trevorwu.-0190321-TimerUITests";
				PRODUCT_NAME = "$(TARGET_NAME)";
				SWIFT_VERSION = 4.0;
				TARGETED_DEVICE_FAMILY = "1,2";
				TEST_TARGET_NAME = 20190321_Timer;
			};
			name = Release;
		};
/* End XCBuildConfiguration section */

/* Begin XCConfigurationList section */
		4C57AFA122473D7A00D2B0C5 /* Build configuration list for PBXProject "20190321_Timer" */ = {
			isa = XCConfigurationList;
			buildConfigurations = (
				4C57AFCC22473D7A00D2B0C5 /* Debug */,
				4C57AFCD22473D7A00D2B0C5 /* Release */,
			);
			defaultConfigurationIsVisible = 0;
			defaultConfigurationName = Release;
		};
		4C57AFCE22473D7A00D2B0C5 /* Build configuration list for PBXNativeTarget "20190321_Timer" */ = {
			isa = XCConfigurationList;
			buildConfigurations = (
				4C57AFCF22473D7A00D2B0C5 /* Debug */,
				4C57AFD022473D7A00D2B0C5 /* Release */,
			);
			defaultConfigurationIsVisible = 0;
			defaultConfigurationName = Release;
		};
		4C57AFD122473D7A00D2B0C5 /* Build configuration list for PBXNativeTarget "20190321_TimerTests" */ = {
			isa = XCConfigurationList;
			buildConfigurations = (
				4C57AFD222473D7A00D2B0C5 /* Debug */,
				4C57AFD322473D7A00D2B0C5 /* Release */,
			);
			defaultConfigurationIsVisible = 0;
			defaultConfigurationName = Release;
		};
		4C57AFD422473D7A00D2B0C5 /* Build configuration list for PBXNativeTarget "20190321_TimerUITests" */ = {
			isa = XCConfigurationList;
			buildConfigurations = (
				4C57AFD522473D7A00D2B0C5 /* Debug */,
				4C57AFD622473D7A00D2B0C5 /* Release */,
			);
			defaultConfigurationIsVisible = 0;
			defaultConfigurationName = Release;
		};
/* End XCConfigurationList section */
	};
	rootObject = 4C57AF9E22473D7A00D2B0C5 /* Project object */;
}
