// !$*UTF8*$!
{
	archiveVersion = 1;
	classes = {
	};
	objectVersion = 50;
	objects = {

/* Begin PBXBuildFile section */
		3F64FCE52243786400C9D435 /* AppDelegate.swift in Sources */ = {isa = PBXBuildFile; fileRef = 3F64FCE42243786400C9D435 /* AppDelegate.swift */; };
		3F64FCE72243786400C9D435 /* ViewController.swift in Sources */ = {isa = PBXBuildFile; fileRef = 3F64FCE62243786400C9D435 /* ViewController.swift */; };
		3F64FCEA2243786400C9D435 /* Main.storyboard in Resources */ = {isa = PBXBuildFile; fileRef = 3F64FCE82243786400C9D435 /* Main.storyboard */; };
		3F64FCED2243786400C9D435 /* _0190321_2.xcdatamodeld in Sources */ = {isa = PBXBuildFile; fileRef = 3F64FCEB2243786400C9D435 /* _0190321_2.xcdatamodeld */; };
		3F64FCEF2243786500C9D435 /* Assets.xcassets in Resources */ = {isa = PBXBuildFile; fileRef = 3F64FCEE2243786500C9D435 /* Assets.xcassets */; };
		3F64FCF22243786500C9D435 /* LaunchScreen.storyboard in Resources */ = {isa = PBXBuildFile; fileRef = 3F64FCF02243786500C9D435 /* LaunchScreen.storyboard */; };
		3F64FCFD2243786500C9D435 /* _0190321_2Tests.swift in Sources */ = {isa = PBXBuildFile; fileRef = 3F64FCFC2243786500C9D435 /* _0190321_2Tests.swift */; };
		3F64FD082243786500C9D435 /* _0190321_2UITests.swift in Sources */ = {isa = PBXBuildFile; fileRef = 3F64FD072243786500C9D435 /* _0190321_2UITests.swift */; };
/* End PBXBuildFile section */

/* Begin PBXContainerItemProxy section */
		3F64FCF92243786500C9D435 /* PBXContainerItemProxy */ = {
			isa = PBXContainerItemProxy;
			containerPortal = 3F64FCD92243786400C9D435 /* Project object */;
			proxyType = 1;
			remoteGlobalIDString = 3F64FCE02243786400C9D435;
			remoteInfo = 20190321_2;
		};
		3F64FD042243786500C9D435 /* PBXContainerItemProxy */ = {
			isa = PBXContainerItemProxy;
			containerPortal = 3F64FCD92243786400C9D435 /* Project object */;
			proxyType = 1;
			remoteGlobalIDString = 3F64FCE02243786400C9D435;
			remoteInfo = 20190321_2;
		};
/* End PBXContainerItemProxy section */

/* Begin PBXFileReference section */
		3F64FCE12243786400C9D435 /* 20190321_2.app */ = {isa = PBXFileReference; explicitFileType = wrapper.application; includeInIndex = 0; path = 20190321_2.app; sourceTree = BUILT_PRODUCTS_DIR; };
		3F64FCE42243786400C9D435 /* AppDelegate.swift */ = {isa = PBXFileReference; lastKnownFileType = sourcecode.swift; path = AppDelegate.swift; sourceTree = "<group>"; };
		3F64FCE62243786400C9D435 /* ViewController.swift */ = {isa = PBXFileReference; lastKnownFileType = sourcecode.swift; path = ViewController.swift; sourceTree = "<group>"; };
		3F64FCE92243786400C9D435 /* Base */ = {isa = PBXFileReference; lastKnownFileType = file.storyboard; name = Base; path = Base.lproj/Main.storyboard; sourceTree = "<group>"; };
		3F64FCEC2243786400C9D435 /* _0190321_2.xcdatamodel */ = {isa = PBXFileReference; lastKnownFileType = wrapper.xcdatamodel; path = _0190321_2.xcdatamodel; sourceTree = "<group>"; };
		3F64FCEE2243786500C9D435 /* Assets.xcassets */ = {isa = PBXFileReference; lastKnownFileType = folder.assetcatalog; path = Assets.xcassets; sourceTree = "<group>"; };
		3F64FCF12243786500C9D435 /* Base */ = {isa = PBXFileReference; lastKnownFileType = file.storyboard; name = Base; path = Base.lproj/LaunchScreen.storyboard; sourceTree = "<group>"; };
		3F64FCF32243786500C9D435 /* Info.plist */ = {isa = PBXFileReference; lastKnownFileType = text.plist.xml; path = Info.plist; sourceTree = "<group>"; };
		3F64FCF82243786500C9D435 /* 20190321_2Tests.xctest */ = {isa = PBXFileReference; explicitFileType = wrapper.cfbundle; includeInIndex = 0; path = 20190321_2Tests.xctest; sourceTree = BUILT_PRODUCTS_DIR; };
		3F64FCFC2243786500C9D435 /* _0190321_2Tests.swift */ = {isa = PBXFileReference; lastKnownFileType = sourcecode.swift; path = _0190321_2Tests.swift; sourceTree = "<group>"; };
		3F64FCFE2243786500C9D435 /* Info.plist */ = {isa = PBXFileReference; lastKnownFileType = text.plist.xml; path = Info.plist; sourceTree = "<group>"; };
		3F64FD032243786500C9D435 /* 20190321_2UITests.xctest */ = {isa = PBXFileReference; explicitFileType = wrapper.cfbundle; includeInIndex = 0; path = 20190321_2UITests.xctest; sourceTree = BUILT_PRODUCTS_DIR; };
		3F64FD072243786500C9D435 /* _0190321_2UITests.swift */ = {isa = PBXFileReference; lastKnownFileType = sourcecode.swift; path = _0190321_2UITests.swift; sourceTree = "<group>"; };
		3F64FD092243786500C9D435 /* Info.plist */ = {isa = PBXFileReference; lastKnownFileType = text.plist.xml; path = Info.plist; sourceTree = "<group>"; };
/* End PBXFileReference section */

/* Begin PBXFrameworksBuildPhase section */
		3F64FCDE2243786400C9D435 /* Frameworks */ = {
			isa = PBXFrameworksBuildPhase;
			buildActionMask = 2147483647;
			files = (
			);
			runOnlyForDeploymentPostprocessing = 0;
		};
		3F64FCF52243786500C9D435 /* Frameworks */ = {
			isa = PBXFrameworksBuildPhase;
			buildActionMask = 2147483647;
			files = (
			);
			runOnlyForDeploymentPostprocessing = 0;
		};
		3F64FD002243786500C9D435 /* Frameworks */ = {
			isa = PBXFrameworksBuildPhase;
			buildActionMask = 2147483647;
			files = (
			);
			runOnlyForDeploymentPostprocessing = 0;
		};
/* End PBXFrameworksBuildPhase section */

/* Begin PBXGroup section */
		3F64FCD82243786400C9D435 = {
			isa = PBXGroup;
			children = (
				3F64FCE32243786400C9D435 /* 20190321_2 */,
				3F64FCFB2243786500C9D435 /* 20190321_2Tests */,
				3F64FD062243786500C9D435 /* 20190321_2UITests */,
				3F64FCE22243786400C9D435 /* Products */,
			);
			sourceTree = "<group>";
		};
		3F64FCE22243786400C9D435 /* Products */ = {
			isa = PBXGroup;
			children = (
				3F64FCE12243786400C9D435 /* 20190321_2.app */,
				3F64FCF82243786500C9D435 /* 20190321_2Tests.xctest */,
				3F64FD032243786500C9D435 /* 20190321_2UITests.xctest */,
			);
			name = Products;
			sourceTree = "<group>";
		};
		3F64FCE32243786400C9D435 /* 20190321_2 */ = {
			isa = PBXGroup;
			children = (
				3F64FCE42243786400C9D435 /* AppDelegate.swift */,
				3F64FCE62243786400C9D435 /* ViewController.swift */,
				3F64FCE82243786400C9D435 /* Main.storyboard */,
				3F64FCEE2243786500C9D435 /* Assets.xcassets */,
				3F64FCF02243786500C9D435 /* LaunchScreen.storyboard */,
				3F64FCF32243786500C9D435 /* Info.plist */,
				3F64FCEB2243786400C9D435 /* _0190321_2.xcdatamodeld */,
			);
			path = 20190321_2;
			sourceTree = "<group>";
		};
		3F64FCFB2243786500C9D435 /* 20190321_2Tests */ = {
			isa = PBXGroup;
			children = (
				3F64FCFC2243786500C9D435 /* _0190321_2Tests.swift */,
				3F64FCFE2243786500C9D435 /* Info.plist */,
			);
			path = 20190321_2Tests;
			sourceTree = "<group>";
		};
		3F64FD062243786500C9D435 /* 20190321_2UITests */ = {
			isa = PBXGroup;
			children = (
				3F64FD072243786500C9D435 /* _0190321_2UITests.swift */,
				3F64FD092243786500C9D435 /* Info.plist */,
			);
			path = 20190321_2UITests;
			sourceTree = "<group>";
		};
/* End PBXGroup section */

/* Begin PBXNativeTarget section */
		3F64FCE02243786400C9D435 /* 20190321_2 */ = {
			isa = PBXNativeTarget;
			buildConfigurationList = 3F64FD0C2243786500C9D435 /* Build configuration list for PBXNativeTarget "20190321_2" */;
			buildPhases = (
				3F64FCDD2243786400C9D435 /* Sources */,
				3F64FCDE2243786400C9D435 /* Frameworks */,
				3F64FCDF2243786400C9D435 /* Resources */,
			);
			buildRules = (
			);
			dependencies = (
			);
			name = 20190321_2;
			productName = 20190321_2;
			productReference = 3F64FCE12243786400C9D435 /* 20190321_2.app */;
			productType = "com.apple.product-type.application";
		};
		3F64FCF72243786500C9D435 /* 20190321_2Tests */ = {
			isa = PBXNativeTarget;
			buildConfigurationList = 3F64FD0F2243786500C9D435 /* Build configuration list for PBXNativeTarget "20190321_2Tests" */;
			buildPhases = (
				3F64FCF42243786500C9D435 /* Sources */,
				3F64FCF52243786500C9D435 /* Frameworks */,
				3F64FCF62243786500C9D435 /* Resources */,
			);
			buildRules = (
			);
			dependencies = (
				3F64FCFA2243786500C9D435 /* PBXTargetDependency */,
			);
			name = 20190321_2Tests;
			productName = 20190321_2Tests;
			productReference = 3F64FCF82243786500C9D435 /* 20190321_2Tests.xctest */;
			productType = "com.apple.product-type.bundle.unit-test";
		};
		3F64FD022243786500C9D435 /* 20190321_2UITests */ = {
			isa = PBXNativeTarget;
			buildConfigurationList = 3F64FD122243786500C9D435 /* Build configuration list for PBXNativeTarget "20190321_2UITests" */;
			buildPhases = (
				3F64FCFF2243786500C9D435 /* Sources */,
				3F64FD002243786500C9D435 /* Frameworks */,
				3F64FD012243786500C9D435 /* Resources */,
			);
			buildRules = (
			);
			dependencies = (
				3F64FD052243786500C9D435 /* PBXTargetDependency */,
			);
			name = 20190321_2UITests;
			productName = 20190321_2UITests;
			productReference = 3F64FD032243786500C9D435 /* 20190321_2UITests.xctest */;
			productType = "com.apple.product-type.bundle.ui-testing";
		};
/* End PBXNativeTarget section */

/* Begin PBXProject section */
		3F64FCD92243786400C9D435 /* Project object */ = {
			isa = PBXProject;
			attributes = {
				LastSwiftUpdateCheck = 1010;
				LastUpgradeCheck = 1010;
				ORGANIZATIONNAME = TxWStudio;
				TargetAttributes = {
					3F64FCE02243786400C9D435 = {
						CreatedOnToolsVersion = 10.1;
					};
					3F64FCF72243786500C9D435 = {
						CreatedOnToolsVersion = 10.1;
						TestTargetID = 3F64FCE02243786400C9D435;
					};
					3F64FD022243786500C9D435 = {
						CreatedOnToolsVersion = 10.1;
						TestTargetID = 3F64FCE02243786400C9D435;
					};
				};
			};
			buildConfigurationList = 3F64FCDC2243786400C9D435 /* Build configuration list for PBXProject "20190321_2" */;
			compatibilityVersion = "Xcode 9.3";
			developmentRegion = en;
			hasScannedForEncodings = 0;
			knownRegions = (
				en,
				Base,
			);
			mainGroup = 3F64FCD82243786400C9D435;
			productRefGroup = 3F64FCE22243786400C9D435 /* Products */;
			projectDirPath = "";
			projectRoot = "";
			targets = (
				3F64FCE02243786400C9D435 /* 20190321_2 */,
				3F64FCF72243786500C9D435 /* 20190321_2Tests */,
				3F64FD022243786500C9D435 /* 20190321_2UITests */,
			);
		};
/* End PBXProject section */

/* Begin PBXResourcesBuildPhase section */
		3F64FCDF2243786400C9D435 /* Resources */ = {
			isa = PBXResourcesBuildPhase;
			buildActionMask = 2147483647;
			files = (
				3F64FCF22243786500C9D435 /* LaunchScreen.storyboard in Resources */,
				3F64FCEF2243786500C9D435 /* Assets.xcassets in Resources */,
				3F64FCEA2243786400C9D435 /* Main.storyboard in Resources */,
			);
			runOnlyForDeploymentPostprocessing = 0;
		};
		3F64FCF62243786500C9D435 /* Resources */ = {
			isa = PBXResourcesBuildPhase;
			buildActionMask = 2147483647;
			files = (
			);
			runOnlyForDeploymentPostprocessing = 0;
		};
		3F64FD012243786500C9D435 /* Resources */ = {
			isa = PBXResourcesBuildPhase;
			buildActionMask = 2147483647;
			files = (
			);
			runOnlyForDeploymentPostprocessing = 0;
		};
/* End PBXResourcesBuildPhase section */

/* Begin PBXSourcesBuildPhase section */
		3F64FCDD2243786400C9D435 /* Sources */ = {
			isa = PBXSourcesBuildPhase;
			buildActionMask = 2147483647;
			files = (
				3F64FCE72243786400C9D435 /* ViewController.swift in Sources */,
				3F64FCED2243786400C9D435 /* _0190321_2.xcdatamodeld in Sources */,
				3F64FCE52243786400C9D435 /* AppDelegate.swift in Sources */,
			);
			runOnlyForDeploymentPostprocessing = 0;
		};
		3F64FCF42243786500C9D435 /* Sources */ = {
			isa = PBXSourcesBuildPhase;
			buildActionMask = 2147483647;
			files = (
				3F64FCFD2243786500C9D435 /* _0190321_2Tests.swift in Sources */,
			);
			runOnlyForDeploymentPostprocessing = 0;
		};
		3F64FCFF2243786500C9D435 /* Sources */ = {
			isa = PBXSourcesBuildPhase;
			buildActionMask = 2147483647;
			files = (
				3F64FD082243786500C9D435 /* _0190321_2UITests.swift in Sources */,
			);
			runOnlyForDeploymentPostprocessing = 0;
		};
/* End PBXSourcesBuildPhase section */

/* Begin PBXTargetDependency section */
		3F64FCFA2243786500C9D435 /* PBXTargetDependency */ = {
			isa = PBXTargetDependency;
			target = 3F64FCE02243786400C9D435 /* 20190321_2 */;
			targetProxy = 3F64FCF92243786500C9D435 /* PBXContainerItemProxy */;
		};
		3F64FD052243786500C9D435 /* PBXTargetDependency */ = {
			isa = PBXTargetDependency;
			target = 3F64FCE02243786400C9D435 /* 20190321_2 */;
			targetProxy = 3F64FD042243786500C9D435 /* PBXContainerItemProxy */;
		};
/* End PBXTargetDependency section */

/* Begin PBXVariantGroup section */
		3F64FCE82243786400C9D435 /* Main.storyboard */ = {
			isa = PBXVariantGroup;
			children = (
				3F64FCE92243786400C9D435 /* Base */,
			);
			name = Main.storyboard;
			sourceTree = "<group>";
		};
		3F64FCF02243786500C9D435 /* LaunchScreen.storyboard */ = {
			isa = PBXVariantGroup;
			children = (
				3F64FCF12243786500C9D435 /* Base */,
			);
			name = LaunchScreen.storyboard;
			sourceTree = "<group>";
		};
/* End PBXVariantGroup section */

/* Begin XCBuildConfiguration section */
		3F64FD0A2243786500C9D435 /* Debug */ = {
			isa = XCBuildConfiguration;
			buildSettings = {
				ALWAYS_SEARCH_USER_PATHS = NO;
				CLANG_ANALYZER_NONNULL = YES;
				CLANG_ANALYZER_NUMBER_OBJECT_CONVERSION = YES_AGGRESSIVE;
				CLANG_CXX_LANGUAGE_STANDARD = "gnu++14";
				CLANG_CXX_LIBRARY = "libc++";
				CLANG_ENABLE_MODULES = YES;
				CLANG_ENABLE_OBJC_ARC = YES;
				CLANG_ENABLE_OBJC_WEAK = YES;
				CLANG_WARN_BLOCK_CAPTURE_AUTORELEASING = YES;
				CLANG_WARN_BOOL_CONVERSION = YES;
				CLANG_WARN_COMMA = YES;
				CLANG_WARN_CONSTANT_CONVERSION = YES;
				CLANG_WARN_DEPRECATED_OBJC_IMPLEMENTATIONS = YES;
				CLANG_WARN_DIRECT_OBJC_ISA_USAGE = YES_ERROR;
				CLANG_WARN_DOCUMENTATION_COMMENTS = YES;
				CLANG_WARN_EMPTY_BODY = YES;
				CLANG_WARN_ENUM_CONVERSION = YES;
				CLANG_WARN_INFINITE_RECURSION = YES;
				CLANG_WARN_INT_CONVERSION = YES;
				CLANG_WARN_NON_LITERAL_NULL_CONVERSION = YES;
				CLANG_WARN_OBJC_IMPLICIT_RETAIN_SELF = YES;
				CLANG_WARN_OBJC_LITERAL_CONVERSION = YES;
				CLANG_WARN_OBJC_ROOT_CLASS = YES_ERROR;
				CLANG_WARN_RANGE_LOOP_ANALYSIS = YES;
				CLANG_WARN_STRICT_PROTOTYPES = YES;
				CLANG_WARN_SUSPICIOUS_MOVE = YES;
				CLANG_WARN_UNGUARDED_AVAILABILITY = YES_AGGRESSIVE;
				CLANG_WARN_UNREACHABLE_CODE = YES;
				CLANG_WARN__DUPLICATE_METHOD_MATCH = YES;
				CODE_SIGN_IDENTITY = "iPhone Developer";
				COPY_PHASE_STRIP = NO;
				DEBUG_INFORMATION_FORMAT = dwarf;
				ENABLE_STRICT_OBJC_MSGSEND = YES;
				ENABLE_TESTABILITY = YES;
				GCC_C_LANGUAGE_STANDARD = gnu11;
				GCC_DYNAMIC_NO_PIC = NO;
				GCC_NO_COMMON_BLOCKS = YES;
				GCC_OPTIMIZATION_LEVEL = 0;
				GCC_PREPROCESSOR_DEFINITIONS = (
					"DEBUG=1",
					"$(inherited)",
				);
				GCC_WARN_64_TO_32_BIT_CONVERSION = YES;
				GCC_WARN_ABOUT_RETURN_TYPE = YES_ERROR;
				GCC_WARN_UNDECLARED_SELECTOR = YES;
				GCC_WARN_UNINITIALIZED_AUTOS = YES_AGGRESSIVE;
				GCC_WARN_UNUSED_FUNCTION = YES;
				GCC_WARN_UNUSED_VARIABLE = YES;
				IPHONEOS_DEPLOYMENT_TARGET = 12.1;
				MTL_ENABLE_DEBUG_INFO = INCLUDE_SOURCE;
				MTL_FAST_MATH = YES;
				ONLY_ACTIVE_ARCH = YES;
				SDKROOT = iphoneos;
				SWIFT_ACTIVE_COMPILATION_CONDITIONS = DEBUG;
				SWIFT_OPTIMIZATION_LEVEL = "-Onone";
			};
			name = Debug;
		};
		3F64FD0B2243786500C9D435 /* Release */ = {
			isa = XCBuildConfiguration;
			buildSettings = {
				ALWAYS_SEARCH_USER_PATHS = NO;
				CLANG_ANALYZER_NONNULL = YES;
				CLANG_ANALYZER_NUMBER_OBJECT_CONVERSION = YES_AGGRESSIVE;
				CLANG_CXX_LANGUAGE_STANDARD = "gnu++14";
				CLANG_CXX_LIBRARY = "libc++";
				CLANG_ENABLE_MODULES = YES;
				CLANG_ENABLE_OBJC_ARC = YES;
				CLANG_ENABLE_OBJC_WEAK = YES;
				CLANG_WARN_BLOCK_CAPTURE_AUTORELEASING = YES;
				CLANG_WARN_BOOL_CONVERSION = YES;
				CLANG_WARN_COMMA = YES;
				CLANG_WARN_CONSTANT_CONVERSION = YES;
				CLANG_WARN_DEPRECATED_OBJC_IMPLEMENTATIONS = YES;
				CLANG_WARN_DIRECT_OBJC_ISA_USAGE = YES_ERROR;
				CLANG_WARN_DOCUMENTATION_COMMENTS = YES;
				CLANG_WARN_EMPTY_BODY = YES;
				CLANG_WARN_ENUM_CONVERSION = YES;
				CLANG_WARN_INFINITE_RECURSION = YES;
				CLANG_WARN_INT_CONVERSION = YES;
				CLANG_WARN_NON_LITERAL_NULL_CONVERSION = YES;
				CLANG_WARN_OBJC_IMPLICIT_RETAIN_SELF = YES;
				CLANG_WARN_OBJC_LITERAL_CONVERSION = YES;
				CLANG_WARN_OBJC_ROOT_CLASS = YES_ERROR;
				CLANG_WARN_RANGE_LOOP_ANALYSIS = YES;
				CLANG_WARN_STRICT_PROTOTYPES = YES;
				CLANG_WARN_SUSPICIOUS_MOVE = YES;
				CLANG_WARN_UNGUARDED_AVAILABILITY = YES_AGGRESSIVE;
				CLANG_WARN_UNREACHABLE_CODE = YES;
				CLANG_WARN__DUPLICATE_METHOD_MATCH = YES;
				CODE_SIGN_IDENTITY = "iPhone Developer";
				COPY_PHASE_STRIP = NO;
				DEBUG_INFORMATION_FORMAT = "dwarf-with-dsym";
				ENABLE_NS_ASSERTIONS = NO;
				ENABLE_STRICT_OBJC_MSGSEND = YES;
				GCC_C_LANGUAGE_STANDARD = gnu11;
				GCC_NO_COMMON_BLOCKS = YES;
				GCC_WARN_64_TO_32_BIT_CONVERSION = YES;
				GCC_WARN_ABOUT_RETURN_TYPE = YES_ERROR;
				GCC_WARN_UNDECLARED_SELECTOR = YES;
				GCC_WARN_UNINITIALIZED_AUTOS = YES_AGGRESSIVE;
				GCC_WARN_UNUSED_FUNCTION = YES;
				GCC_WARN_UNUSED_VARIABLE = YES;
				IPHONEOS_DEPLOYMENT_TARGET = 12.1;
				MTL_ENABLE_DEBUG_INFO = NO;
				MTL_FAST_MATH = YES;
				SDKROOT = iphoneos;
				SWIFT_COMPILATION_MODE = wholemodule;
				SWIFT_OPTIMIZATION_LEVEL = "-O";
				VALIDATE_PRODUCT = YES;
			};
			name = Release;
		};
		3F64FD0D2243786500C9D435 /* Debug */ = {
			isa = XCBuildConfiguration;
			buildSettings = {
				ASSETCATALOG_COMPILER_APPICON_NAME = AppIcon;
				CODE_SIGN_STYLE = Automatic;
				INFOPLIST_FILE = 20190321_2/Info.plist;
				LD_RUNPATH_SEARCH_PATHS = (
					"$(inherited)",
					"@executable_path/Frameworks",
				);
				PRODUCT_BUNDLE_IDENTIFIER = "com.txwstudio.trevorwu.-0190321-2";
				PRODUCT_NAME = "$(TARGET_NAME)";
				SWIFT_VERSION = 4.2;
				TARGETED_DEVICE_FAMILY = "1,2";
			};
			name = Debug;
		};
		3F64FD0E2243786500C9D435 /* Release */ = {
			isa = XCBuildConfiguration;
			buildSettings = {
				ASSETCATALOG_COMPILER_APPICON_NAME = AppIcon;
				CODE_SIGN_STYLE = Automatic;
				INFOPLIST_FILE = 20190321_2/Info.plist;
				LD_RUNPATH_SEARCH_PATHS = (
					"$(inherited)",
					"@executable_path/Frameworks",
				);
				PRODUCT_BUNDLE_IDENTIFIER = "com.txwstudio.trevorwu.-0190321-2";
				PRODUCT_NAME = "$(TARGET_NAME)";
				SWIFT_VERSION = 4.2;
				TARGETED_DEVICE_FAMILY = "1,2";
			};
			name = Release;
		};
		3F64FD102243786500C9D435 /* Debug */ = {
			isa = XCBuildConfiguration;
			buildSettings = {
				ALWAYS_EMBED_SWIFT_STANDARD_LIBRARIES = YES;
				BUNDLE_LOADER = "$(TEST_HOST)";
				CODE_SIGN_STYLE = Automatic;
				INFOPLIST_FILE = 20190321_2Tests/Info.plist;
				LD_RUNPATH_SEARCH_PATHS = (
					"$(inherited)",
					"@executable_path/Frameworks",
					"@loader_path/Frameworks",
				);
				PRODUCT_BUNDLE_IDENTIFIER = "com.txwstudio.trevorwu.-0190321-2Tests";
				PRODUCT_NAME = "$(TARGET_NAME)";
				SWIFT_VERSION = 4.2;
				TARGETED_DEVICE_FAMILY = "1,2";
				TEST_HOST = "$(BUILT_PRODUCTS_DIR)/20190321_2.app/20190321_2";
			};
			name = Debug;
		};
		3F64FD112243786500C9D435 /* Release */ = {
			isa = XCBuildConfiguration;
			buildSettings = {
				ALWAYS_EMBED_SWIFT_STANDARD_LIBRARIES = YES;
				BUNDLE_LOADER = "$(TEST_HOST)";
				CODE_SIGN_STYLE = Automatic;
				INFOPLIST_FILE = 20190321_2Tests/Info.plist;
				LD_RUNPATH_SEARCH_PATHS = (
					"$(inherited)",
					"@executable_path/Frameworks",
					"@loader_path/Frameworks",
				);
				PRODUCT_BUNDLE_IDENTIFIER = "com.txwstudio.trevorwu.-0190321-2Tests";
				PRODUCT_NAME = "$(TARGET_NAME)";
				SWIFT_VERSION = 4.2;
				TARGETED_DEVICE_FAMILY = "1,2";
				TEST_HOST = "$(BUILT_PRODUCTS_DIR)/20190321_2.app/20190321_2";
			};
			name = Release;
		};
		3F64FD132243786500C9D435 /* Debug */ = {
			isa = XCBuildConfiguration;
			buildSettings = {
				ALWAYS_EMBED_SWIFT_STANDARD_LIBRARIES = YES;
				CODE_SIGN_STYLE = Automatic;
				INFOPLIST_FILE = 20190321_2UITests/Info.plist;
				LD_RUNPATH_SEARCH_PATHS = (
					"$(inherited)",
					"@executable_path/Frameworks",
					"@loader_path/Frameworks",
				);
				PRODUCT_BUNDLE_IDENTIFIER = "com.txwstudio.trevorwu.-0190321-2UITests";
				PRODUCT_NAME = "$(TARGET_NAME)";
				SWIFT_VERSION = 4.2;
				TARGETED_DEVICE_FAMILY = "1,2";
				TEST_TARGET_NAME = 20190321_2;
			};
			name = Debug;
		};
		3F64FD142243786500C9D435 /* Release */ = {
			isa = XCBuildConfiguration;
			buildSettings = {
				ALWAYS_EMBED_SWIFT_STANDARD_LIBRARIES = YES;
				CODE_SIGN_STYLE = Automatic;
				INFOPLIST_FILE = 20190321_2UITests/Info.plist;
				LD_RUNPATH_SEARCH_PATHS = (
					"$(inherited)",
					"@executable_path/Frameworks",
					"@loader_path/Frameworks",
				);
				PRODUCT_BUNDLE_IDENTIFIER = "com.txwstudio.trevorwu.-0190321-2UITests";
				PRODUCT_NAME = "$(TARGET_NAME)";
				SWIFT_VERSION = 4.2;
				TARGETED_DEVICE_FAMILY = "1,2";
				TEST_TARGET_NAME = 20190321_2;
			};
			name = Release;
		};
/* End XCBuildConfiguration section */

/* Begin XCConfigurationList section */
		3F64FCDC2243786400C9D435 /* Build configuration list for PBXProject "20190321_2" */ = {
			isa = XCConfigurationList;
			buildConfigurations = (
				3F64FD0A2243786500C9D435 /* Debug */,
				3F64FD0B2243786500C9D435 /* Release */,
			);
			defaultConfigurationIsVisible = 0;
			defaultConfigurationName = Release;
		};
		3F64FD0C2243786500C9D435 /* Build configuration list for PBXNativeTarget "20190321_2" */ = {
			isa = XCConfigurationList;
			buildConfigurations = (
				3F64FD0D2243786500C9D435 /* Debug */,
				3F64FD0E2243786500C9D435 /* Release */,
			);
			defaultConfigurationIsVisible = 0;
			defaultConfigurationName = Release;
		};
		3F64FD0F2243786500C9D435 /* Build configuration list for PBXNativeTarget "20190321_2Tests" */ = {
			isa = XCConfigurationList;
			buildConfigurations = (
				3F64FD102243786500C9D435 /* Debug */,
				3F64FD112243786500C9D435 /* Release */,
			);
			defaultConfigurationIsVisible = 0;
			defaultConfigurationName = Release;
		};
		3F64FD122243786500C9D435 /* Build configuration list for PBXNativeTarget "20190321_2UITests" */ = {
			isa = XCConfigurationList;
			buildConfigurations = (
				3F64FD132243786500C9D435 /* Debug */,
				3F64FD142243786500C9D435 /* Release */,
			);
			defaultConfigurationIsVisible = 0;
			defaultConfigurationName = Release;
		};
/* End XCConfigurationList section */

/* Begin XCVersionGroup section */
		3F64FCEB2243786400C9D435 /* _0190321_2.xcdatamodeld */ = {
			isa = XCVersionGroup;
			children = (
				3F64FCEC2243786400C9D435 /* _0190321_2.xcdatamodel */,
			);
			currentVersion = 3F64FCEC2243786400C9D435 /* _0190321_2.xcdatamodel */;
			path = _0190321_2.xcdatamodeld;
			sourceTree = "<group>";
			versionGroupType = wrapper.xcdatamodel;
		};
/* End XCVersionGroup section */
	};
	rootObject = 3F64FCD92243786400C9D435 /* Project object */;
}
